// !$*UTF8*$!
{
	archiveVersion = 1;
	classes = {
	};
	objectVersion = 50;
	objects = {

/* Begin PBXBuildFile section */
		7457D3F622199AB200108B78 /* AppDelegate.m in Sources */ = {isa = PBXBuildFile; fileRef = 7457D3F522199AB200108B78 /* AppDelegate.m */; };
		7457D3F922199AB200108B78 /* ViewController.m in Sources */ = {isa = PBXBuildFile; fileRef = 7457D3F822199AB200108B78 /* ViewController.m */; };
		7457D3FC22199AB200108B78 /* Main.storyboard in Resources */ = {isa = PBXBuildFile; fileRef = 7457D3FA22199AB200108B78 /* Main.storyboard */; };
		7457D3FE22199AB800108B78 /* Assets.xcassets in Resources */ = {isa = PBXBuildFile; fileRef = 7457D3FD22199AB800108B78 /* Assets.xcassets */; };
		7457D40122199AB800108B78 /* LaunchScreen.storyboard in Resources */ = {isa = PBXBuildFile; fileRef = 7457D3FF22199AB800108B78 /* LaunchScreen.storyboard */; };
		7457D40422199AB800108B78 /* main.m in Sources */ = {isa = PBXBuildFile; fileRef = 7457D40322199AB800108B78 /* main.m */; };
		7457D40D22199B6C00108B78 /* YKStudent.m in Sources */ = {isa = PBXBuildFile; fileRef = 7457D40C22199B6B00108B78 /* YKStudent.m */; };
/* End PBXBuildFile section */

/* Begin PBXFileReference section */
		7457D3F122199AB200108B78 /* Skutarenko16NSDate.app */ = {isa = PBXFileReference; explicitFileType = wrapper.application; includeInIndex = 0; path = Skutarenko16NSDate.app; sourceTree = BUILT_PRODUCTS_DIR; };
		7457D3F422199AB200108B78 /* AppDelegate.h */ = {isa = PBXFileReference; lastKnownFileType = sourcecode.c.h; path = AppDelegate.h; sourceTree = "<group>"; };
		7457D3F522199AB200108B78 /* AppDelegate.m */ = {isa = PBXFileReference; lastKnownFileType = sourcecode.c.objc; path = AppDelegate.m; sourceTree = "<group>"; };
		7457D3F722199AB200108B78 /* ViewController.h */ = {isa = PBXFileReference; lastKnownFileType = sourcecode.c.h; path = ViewController.h; sourceTree = "<group>"; };
		7457D3F822199AB200108B78 /* ViewController.m */ = {isa = PBXFileReference; lastKnownFileType = sourcecode.c.objc; path = ViewController.m; sourceTree = "<group>"; };
		7457D3FB22199AB200108B78 /* Base */ = {isa = PBXFileReference; lastKnownFileType = file.storyboard; name = Base; path = Base.lproj/Main.storyboard; sourceTree = "<group>"; };
		7457D3FD22199AB800108B78 /* Assets.xcassets */ = {isa = PBXFileReference; lastKnownFileType = folder.assetcatalog; path = Assets.xcassets; sourceTree = "<group>"; };
		7457D40022199AB800108B78 /* Base */ = {isa = PBXFileReference; lastKnownFileType = file.storyboard; name = Base; path = Base.lproj/LaunchScreen.storyboard; sourceTree = "<group>"; };
		7457D40222199AB800108B78 /* Info.plist */ = {isa = PBXFileReference; lastKnownFileType = text.plist.xml; path = Info.plist; sourceTree = "<group>"; };
		7457D40322199AB800108B78 /* main.m */ = {isa = PBXFileReference; lastKnownFileType = sourcecode.c.objc; path = main.m; sourceTree = "<group>"; };
		7457D40B22199B6B00108B78 /* YKStudent.h */ = {isa = PBXFileReference; lastKnownFileType = sourcecode.c.h; path = YKStudent.h; sourceTree = "<group>"; };
		7457D40C22199B6B00108B78 /* YKStudent.m */ = {isa = PBXFileReference; lastKnownFileType = sourcecode.c.objc; path = YKStudent.m; sourceTree = "<group>"; };
/* End PBXFileReference section */

/* Begin PBXFrameworksBuildPhase section */
		7457D3EE22199AB200108B78 /* Frameworks */ = {
			isa = PBXFrameworksBuildPhase;
			buildActionMask = 2147483647;
			files = (
			);
			runOnlyForDeploymentPostprocessing = 0;
		};
/* End PBXFrameworksBuildPhase section */

/* Begin PBXGroup section */
		7457D3E822199AB200108B78 = {
			isa = PBXGroup;
			children = (
				7457D3F322199AB200108B78 /* Skutarenko16NSDate */,
				7457D3F222199AB200108B78 /* Products */,
			);
			sourceTree = "<group>";
		};
		7457D3F222199AB200108B78 /* Products */ = {
			isa = PBXGroup;
			children = (
				7457D3F122199AB200108B78 /* Skutarenko16NSDate.app */,
			);
			name = Products;
			sourceTree = "<group>";
		};
		7457D3F322199AB200108B78 /* Skutarenko16NSDate */ = {
			isa = PBXGroup;
			children = (
				7457D40A22199B3C00108B78 /* Homework */,
				7457D3F422199AB200108B78 /* AppDelegate.h */,
				7457D3F522199AB200108B78 /* AppDelegate.m */,
				7457D3F722199AB200108B78 /* ViewController.h */,
				7457D3F822199AB200108B78 /* ViewController.m */,
				7457D3FA22199AB200108B78 /* Main.storyboard */,
				7457D3FD22199AB800108B78 /* Assets.xcassets */,
				7457D3FF22199AB800108B78 /* LaunchScreen.storyboard */,
				7457D40222199AB800108B78 /* Info.plist */,
				7457D40322199AB800108B78 /* main.m */,
			);
			path = Skutarenko16NSDate;
			sourceTree = "<group>";
		};
		7457D40A22199B3C00108B78 /* Homework */ = {
			isa = PBXGroup;
			children = (
				7457D40B22199B6B00108B78 /* YKStudent.h */,
				7457D40C22199B6B00108B78 /* YKStudent.m */,
			);
			path = Homework;
			sourceTree = "<group>";
		};
/* End PBXGroup section */

/* Begin PBXNativeTarget section */
		7457D3F022199AB200108B78 /* Skutarenko16NSDate */ = {
			isa = PBXNativeTarget;
			buildConfigurationList = 7457D40722199AB800108B78 /* Build configuration list for PBXNativeTarget "Skutarenko16NSDate" */;
			buildPhases = (
				7457D3ED22199AB200108B78 /* Sources */,
				7457D3EE22199AB200108B78 /* Frameworks */,
				7457D3EF22199AB200108B78 /* Resources */,
			);
			buildRules = (
			);
			dependencies = (
			);
			name = Skutarenko16NSDate;
			productName = Skutarenko16NSDate;
			productReference = 7457D3F122199AB200108B78 /* Skutarenko16NSDate.app */;
			productType = "com.apple.product-type.application";
		};
/* End PBXNativeTarget section */

/* Begin PBXProject section */
		7457D3E922199AB200108B78 /* Project object */ = {
			isa = PBXProject;
			attributes = {
				LastUpgradeCheck = 1010;
				ORGANIZATIONNAME = "Yegor Kozlovskiy";
				TargetAttributes = {
					7457D3F022199AB200108B78 = {
						CreatedOnToolsVersion = 10.1;
					};
				};
			};
			buildConfigurationList = 7457D3EC22199AB200108B78 /* Build configuration list for PBXProject "Skutarenko16NSDate" */;
			compatibilityVersion = "Xcode 9.3";
			developmentRegion = en;
			hasScannedForEncodings = 0;
			knownRegions = (
				en,
				Base,
			);
			mainGroup = 7457D3E822199AB200108B78;
			productRefGroup = 7457D3F222199AB200108B78 /* Products */;
			projectDirPath = "";
			projectRoot = "";
			targets = (
				7457D3F022199AB200108B78 /* Skutarenko16NSDate */,
			);
		};
/* End PBXProject section */

/* Begin PBXResourcesBuildPhase section */
		7457D3EF22199AB200108B78 /* Resources */ = {
			isa = PBXResourcesBuildPhase;
			buildActionMask = 2147483647;
			files = (
				7457D40122199AB800108B78 /* LaunchScreen.storyboard in Resources */,
				7457D3FE22199AB800108B78 /* Assets.xcassets in Resources */,
				7457D3FC22199AB200108B78 /* Main.storyboard in Resources */,
			);
			runOnlyForDeploymentPostprocessing = 0;
		};
/* End PBXResourcesBuildPhase section */

/* Begin PBXSourcesBuildPhase section */
		7457D3ED22199AB200108B78 /* Sources */ = {
			isa = PBXSourcesBuildPhase;
			buildActionMask = 2147483647;
			files = (
				7457D3F922199AB200108B78 /* ViewController.m in Sources */,
				7457D40D22199B6C00108B78 /* YKStudent.m in Sources */,
				7457D40422199AB800108B78 /* main.m in Sources */,
				7457D3F622199AB200108B78 /* AppDelegate.m in Sources */,
			);
			runOnlyForDeploymentPostprocessing = 0;
		};
/* End PBXSourcesBuildPhase section */

/* Begin PBXVariantGroup section */
		7457D3FA22199AB200108B78 /* Main.storyboard */ = {
			isa = PBXVariantGroup;
			children = (
				7457D3FB22199AB200108B78 /* Base */,
			);
			name = Main.storyboard;
			sourceTree = "<group>";
		};
		7457D3FF22199AB800108B78 /* LaunchScreen.storyboard */ = {
			isa = PBXVariantGroup;
			children = (
				7457D40022199AB800108B78 /* Base */,
			);
			name = LaunchScreen.storyboard;
			sourceTree = "<group>";
		};
/* End PBXVariantGroup section */

/* Begin XCBuildConfiguration section */
		7457D40522199AB800108B78 /* Debug */ = {
			isa = XCBuildConfiguration;
			buildSettings = {
				ALWAYS_SEARCH_USER_PATHS = NO;
				CLANG_ANALYZER_NONNULL = YES;
				CLANG_ANALYZER_NUMBER_OBJECT_CONVERSION = YES_AGGRESSIVE;
				CLANG_CXX_LANGUAGE_STANDARD = "gnu++14";
				CLANG_CXX_LIBRARY = "libc++";
				CLANG_ENABLE_MODULES = YES;
				CLANG_ENABLE_OBJC_ARC = YES;
				CLANG_ENABLE_OBJC_WEAK = YES;
				CLANG_WARN_BLOCK_CAPTURE_AUTORELEASING = YES;
				CLANG_WARN_BOOL_CONVERSION = YES;
				CLANG_WARN_COMMA = YES;
				CLANG_WARN_CONSTANT_CONVERSION = YES;
				CLANG_WARN_DEPRECATED_OBJC_IMPLEMENTATIONS = YES;
				CLANG_WARN_DIRECT_OBJC_ISA_USAGE = YES_ERROR;
				CLANG_WARN_DOCUMENTATION_COMMENTS = YES;
				CLANG_WARN_EMPTY_BODY = YES;
				CLANG_WARN_ENUM_CONVERSION = YES;
				CLANG_WARN_INFINITE_RECURSION = YES;
				CLANG_WARN_INT_CONVERSION = YES;
				CLANG_WARN_NON_LITERAL_NULL_CONVERSION = YES;
				CLANG_WARN_OBJC_IMPLICIT_RETAIN_SELF = YES;
				CLANG_WARN_OBJC_LITERAL_CONVERSION = YES;
				CLANG_WARN_OBJC_ROOT_CLASS = YES_ERROR;
				CLANG_WARN_RANGE_LOOP_ANALYSIS = YES;
				CLANG_WARN_STRICT_PROTOTYPES = YES;
				CLANG_WARN_SUSPICIOUS_MOVE = YES;
				CLANG_WARN_UNGUARDED_AVAILABILITY = YES_AGGRESSIVE;
				CLANG_WARN_UNREACHABLE_CODE = YES;
				CLANG_WARN__DUPLICATE_METHOD_MATCH = YES;
				CODE_SIGN_IDENTITY = "iPhone Developer";
				COPY_PHASE_STRIP = NO;
				DEBUG_INFORMATION_FORMAT = dwarf;
				ENABLE_STRICT_OBJC_MSGSEND = YES;
				ENABLE_TESTABILITY = YES;
				GCC_C_LANGUAGE_STANDARD = gnu11;
				GCC_DYNAMIC_NO_PIC = NO;
				GCC_NO_COMMON_BLOCKS = YES;
				GCC_OPTIMIZATION_LEVEL = 0;
				GCC_PREPROCESSOR_DEFINITIONS = (
					"DEBUG=1",
					"$(inherited)",
				);
				GCC_WARN_64_TO_32_BIT_CONVERSION = YES;
				GCC_WARN_ABOUT_RETURN_TYPE = YES_ERROR;
				GCC_WARN_UNDECLARED_SELECTOR = YES;
				GCC_WARN_UNINITIALIZED_AUTOS = YES_AGGRESSIVE;
				GCC_WARN_UNUSED_FUNCTION = YES;
				GCC_WARN_UNUSED_VARIABLE = YES;
				IPHONEOS_DEPLOYMENT_TARGET = 12.1;
				MTL_ENABLE_DEBUG_INFO = INCLUDE_SOURCE;
				MTL_FAST_MATH = YES;
				ONLY_ACTIVE_ARCH = YES;
				SDKROOT = iphoneos;
			};
			name = Debug;
		};
		7457D40622199AB800108B78 /* Release */ = {
			isa = XCBuildConfiguration;
			buildSettings = {
				ALWAYS_SEARCH_USER_PATHS = NO;
				CLANG_ANALYZER_NONNULL = YES;
				CLANG_ANALYZER_NUMBER_OBJECT_CONVERSION = YES_AGGRESSIVE;
				CLANG_CXX_LANGUAGE_STANDARD = "gnu++14";
				CLANG_CXX_LIBRARY = "libc++";
				CLANG_ENABLE_MODULES = YES;
				CLANG_ENABLE_OBJC_ARC = YES;
				CLANG_ENABLE_OBJC_WEAK = YES;
				CLANG_WARN_BLOCK_CAPTURE_AUTORELEASING = YES;
				CLANG_WARN_BOOL_CONVERSION = YES;
				CLANG_WARN_COMMA = YES;
				CLANG_WARN_CONSTANT_CONVERSION = YES;
				CLANG_WARN_DEPRECATED_OBJC_IMPLEMENTATIONS = YES;
				CLANG_WARN_DIRECT_OBJC_ISA_USAGE = YES_ERROR;
				CLANG_WARN_DOCUMENTATION_COMMENTS = YES;
				CLANG_WARN_EMPTY_BODY = YES;
				CLANG_WARN_ENUM_CONVERSION = YES;
				CLANG_WARN_INFINITE_RECURSION = YES;
				CLANG_WARN_INT_CONVERSION = YES;
				CLANG_WARN_NON_LITERAL_NULL_CONVERSION = YES;
				CLANG_WARN_OBJC_IMPLICIT_RETAIN_SELF = YES;
				CLANG_WARN_OBJC_LITERAL_CONVERSION = YES;
				CLANG_WARN_OBJC_ROOT_CLASS = YES_ERROR;
				CLANG_WARN_RANGE_LOOP_ANALYSIS = YES;
				CLANG_WARN_STRICT_PROTOTYPES = YES;
				CLANG_WARN_SUSPICIOUS_MOVE = YES;
				CLANG_WARN_UNGUARDED_AVAILABILITY = YES_AGGRESSIVE;
				CLANG_WARN_UNREACHABLE_CODE = YES;
				CLANG_WARN__DUPLICATE_METHOD_MATCH = YES;
				CODE_SIGN_IDENTITY = "iPhone Developer";
				COPY_PHASE_STRIP = NO;
				DEBUG_INFORMATION_FORMAT = "dwarf-with-dsym";
				ENABLE_NS_ASSERTIONS = NO;
				ENABLE_STRICT_OBJC_MSGSEND = YES;
				GCC_C_LANGUAGE_STANDARD = gnu11;
				GCC_NO_COMMON_BLOCKS = YES;
				GCC_WARN_64_TO_32_BIT_CONVERSION = YES;
				GCC_WARN_ABOUT_RETURN_TYPE = YES_ERROR;
				GCC_WARN_UNDECLARED_SELECTOR = YES;
				GCC_WARN_UNINITIALIZED_AUTOS = YES_AGGRESSIVE;
				GCC_WARN_UNUSED_FUNCTION = YES;
				GCC_WARN_UNUSED_VARIABLE = YES;
				IPHONEOS_DEPLOYMENT_TARGET = 12.1;
				MTL_ENABLE_DEBUG_INFO = NO;
				MTL_FAST_MATH = YES;
				SDKROOT = iphoneos;
				VALIDATE_PRODUCT = YES;
			};
			name = Release;
		};
		7457D40822199AB800108B78 /* Debug */ = {
			isa = XCBuildConfiguration;
			buildSettings = {
				ASSETCATALOG_COMPILER_APPICON_NAME = AppIcon;
				CODE_SIGN_STYLE = Automatic;
				INFOPLIST_FILE = Skutarenko16NSDate/Info.plist;
				LD_RUNPATH_SEARCH_PATHS = (
					"$(inherited)",
					"@executable_path/Frameworks",
				);
				PRODUCT_BUNDLE_IDENTIFIER = YK.Skutarenko16NSDate;
				PRODUCT_NAME = "$(TARGET_NAME)";
				TARGETED_DEVICE_FAMILY = "1,2";
			};
			name = Debug;
		};
		7457D40922199AB800108B78 /* Release */ = {
			isa = XCBuildConfiguration;
			buildSettings = {
				ASSETCATALOG_COMPILER_APPICON_NAME = AppIcon;
				CODE_SIGN_STYLE = Automatic;
				INFOPLIST_FILE = Skutarenko16NSDate/Info.plist;
				LD_RUNPATH_SEARCH_PATHS = (
					"$(inherited)",
					"@executable_path/Frameworks",
				);
				PRODUCT_BUNDLE_IDENTIFIER = YK.Skutarenko16NSDate;
				PRODUCT_NAME = "$(TARGET_NAME)";
				TARGETED_DEVICE_FAMILY = "1,2";
			};
			name = Release;
		};
/* End XCBuildConfiguration section */

/* Begin XCConfigurationList section */
		7457D3EC22199AB200108B78 /* Build configuration list for PBXProject "Skutarenko16NSDate" */ = {
			isa = XCConfigurationList;
			buildConfigurations = (
				7457D40522199AB800108B78 /* Debug */,
				7457D40622199AB800108B78 /* Release */,
			);
			defaultConfigurationIsVisible = 0;
			defaultConfigurationName = Release;
		};
		7457D40722199AB800108B78 /* Build configuration list for PBXNativeTarget "Skutarenko16NSDate" */ = {
			isa = XCConfigurationList;
			buildConfigurations = (
				7457D40822199AB800108B78 /* Debug */,
				7457D40922199AB800108B78 /* Release */,
			);
			defaultConfigurationIsVisible = 0;
			defaultConfigurationName = Release;
		};
/* End XCConfigurationList section */
	};
	rootObject = 7457D3E922199AB200108B78 /* Project object */;
}
