// !$*UTF8*$!
{
	archiveVersion = 1;
	classes = {
	};
	objectVersion = 50;
	objects = {

/* Begin PBXBuildFile section */
		74EFB66321ECBB08006083D9 /* AppDelegate.m in Sources */ = {isa = PBXBuildFile; fileRef = 74EFB66221ECBB08006083D9 /* AppDelegate.m */; };
		74EFB66621ECBB08006083D9 /* ViewController.m in Sources */ = {isa = PBXBuildFile; fileRef = 74EFB66521ECBB08006083D9 /* ViewController.m */; };
		74EFB66921ECBB08006083D9 /* Main.storyboard in Resources */ = {isa = PBXBuildFile; fileRef = 74EFB66721ECBB08006083D9 /* Main.storyboard */; };
		74EFB66B21ECBB0D006083D9 /* Assets.xcassets in Resources */ = {isa = PBXBuildFile; fileRef = 74EFB66A21ECBB0D006083D9 /* Assets.xcassets */; };
		74EFB66E21ECBB0D006083D9 /* LaunchScreen.storyboard in Resources */ = {isa = PBXBuildFile; fileRef = 74EFB66C21ECBB0D006083D9 /* LaunchScreen.storyboard */; };
		74EFB67121ECBB0D006083D9 /* main.m in Sources */ = {isa = PBXBuildFile; fileRef = 74EFB67021ECBB0D006083D9 /* main.m */; };
		74EFB67B21ECBB0D006083D9 /* Scooter14NSStringUITests.m in Sources */ = {isa = PBXBuildFile; fileRef = 74EFB67A21ECBB0D006083D9 /* Scooter14NSStringUITests.m */; };
/* End PBXBuildFile section */

/* Begin PBXContainerItemProxy section */
		74EFB67721ECBB0D006083D9 /* PBXContainerItemProxy */ = {
			isa = PBXContainerItemProxy;
			containerPortal = 74EFB65621ECBB07006083D9 /* Project object */;
			proxyType = 1;
			remoteGlobalIDString = 74EFB65D21ECBB08006083D9;
			remoteInfo = Scooter14NSString;
		};
/* End PBXContainerItemProxy section */

/* Begin PBXFileReference section */
		74EFB65E21ECBB08006083D9 /* Scooter14NSString.app */ = {isa = PBXFileReference; explicitFileType = wrapper.application; includeInIndex = 0; path = Scooter14NSString.app; sourceTree = BUILT_PRODUCTS_DIR; };
		74EFB66121ECBB08006083D9 /* AppDelegate.h */ = {isa = PBXFileReference; lastKnownFileType = sourcecode.c.h; path = AppDelegate.h; sourceTree = "<group>"; };
		74EFB66221ECBB08006083D9 /* AppDelegate.m */ = {isa = PBXFileReference; lastKnownFileType = sourcecode.c.objc; path = AppDelegate.m; sourceTree = "<group>"; };
		74EFB66421ECBB08006083D9 /* ViewController.h */ = {isa = PBXFileReference; lastKnownFileType = sourcecode.c.h; path = ViewController.h; sourceTree = "<group>"; };
		74EFB66521ECBB08006083D9 /* ViewController.m */ = {isa = PBXFileReference; lastKnownFileType = sourcecode.c.objc; path = ViewController.m; sourceTree = "<group>"; };
		74EFB66821ECBB08006083D9 /* Base */ = {isa = PBXFileReference; lastKnownFileType = file.storyboard; name = Base; path = Base.lproj/Main.storyboard; sourceTree = "<group>"; };
		74EFB66A21ECBB0D006083D9 /* Assets.xcassets */ = {isa = PBXFileReference; lastKnownFileType = folder.assetcatalog; path = Assets.xcassets; sourceTree = "<group>"; };
		74EFB66D21ECBB0D006083D9 /* Base */ = {isa = PBXFileReference; lastKnownFileType = file.storyboard; name = Base; path = Base.lproj/LaunchScreen.storyboard; sourceTree = "<group>"; };
		74EFB66F21ECBB0D006083D9 /* Info.plist */ = {isa = PBXFileReference; lastKnownFileType = text.plist.xml; path = Info.plist; sourceTree = "<group>"; };
		74EFB67021ECBB0D006083D9 /* main.m */ = {isa = PBXFileReference; lastKnownFileType = sourcecode.c.objc; path = main.m; sourceTree = "<group>"; };
		74EFB67621ECBB0D006083D9 /* Scooter14NSStringUITests.xctest */ = {isa = PBXFileReference; explicitFileType = wrapper.cfbundle; includeInIndex = 0; path = Scooter14NSStringUITests.xctest; sourceTree = BUILT_PRODUCTS_DIR; };
		74EFB67A21ECBB0D006083D9 /* Scooter14NSStringUITests.m */ = {isa = PBXFileReference; lastKnownFileType = sourcecode.c.objc; path = Scooter14NSStringUITests.m; sourceTree = "<group>"; };
		74EFB67C21ECBB0D006083D9 /* Info.plist */ = {isa = PBXFileReference; lastKnownFileType = text.plist.xml; path = Info.plist; sourceTree = "<group>"; };
/* End PBXFileReference section */

/* Begin PBXFrameworksBuildPhase section */
		74EFB65B21ECBB08006083D9 /* Frameworks */ = {
			isa = PBXFrameworksBuildPhase;
			buildActionMask = 2147483647;
			files = (
			);
			runOnlyForDeploymentPostprocessing = 0;
		};
		74EFB67321ECBB0D006083D9 /* Frameworks */ = {
			isa = PBXFrameworksBuildPhase;
			buildActionMask = 2147483647;
			files = (
			);
			runOnlyForDeploymentPostprocessing = 0;
		};
/* End PBXFrameworksBuildPhase section */

/* Begin PBXGroup section */
		74EFB65521ECBB07006083D9 = {
			isa = PBXGroup;
			children = (
				74EFB66021ECBB08006083D9 /* Scooter14NSString */,
				74EFB67921ECBB0D006083D9 /* Scooter14NSStringUITests */,
				74EFB65F21ECBB08006083D9 /* Products */,
			);
			sourceTree = "<group>";
		};
		74EFB65F21ECBB08006083D9 /* Products */ = {
			isa = PBXGroup;
			children = (
				74EFB65E21ECBB08006083D9 /* Scooter14NSString.app */,
				74EFB67621ECBB0D006083D9 /* Scooter14NSStringUITests.xctest */,
			);
			name = Products;
			sourceTree = "<group>";
		};
		74EFB66021ECBB08006083D9 /* Scooter14NSString */ = {
			isa = PBXGroup;
			children = (
				74EFB66121ECBB08006083D9 /* AppDelegate.h */,
				74EFB66221ECBB08006083D9 /* AppDelegate.m */,
				74EFB66421ECBB08006083D9 /* ViewController.h */,
				74EFB66521ECBB08006083D9 /* ViewController.m */,
				74EFB66721ECBB08006083D9 /* Main.storyboard */,
				74EFB66A21ECBB0D006083D9 /* Assets.xcassets */,
				74EFB66C21ECBB0D006083D9 /* LaunchScreen.storyboard */,
				74EFB66F21ECBB0D006083D9 /* Info.plist */,
				74EFB67021ECBB0D006083D9 /* main.m */,
			);
			path = Scooter14NSString;
			sourceTree = "<group>";
		};
		74EFB67921ECBB0D006083D9 /* Scooter14NSStringUITests */ = {
			isa = PBXGroup;
			children = (
				74EFB67A21ECBB0D006083D9 /* Scooter14NSStringUITests.m */,
				74EFB67C21ECBB0D006083D9 /* Info.plist */,
			);
			path = Scooter14NSStringUITests;
			sourceTree = "<group>";
		};
/* End PBXGroup section */

/* Begin PBXNativeTarget section */
		74EFB65D21ECBB08006083D9 /* Scooter14NSString */ = {
			isa = PBXNativeTarget;
			buildConfigurationList = 74EFB67F21ECBB0D006083D9 /* Build configuration list for PBXNativeTarget "Scooter14NSString" */;
			buildPhases = (
				74EFB65A21ECBB08006083D9 /* Sources */,
				74EFB65B21ECBB08006083D9 /* Frameworks */,
				74EFB65C21ECBB08006083D9 /* Resources */,
			);
			buildRules = (
			);
			dependencies = (
			);
			name = Scooter14NSString;
			productName = Scooter14NSString;
			productReference = 74EFB65E21ECBB08006083D9 /* Scooter14NSString.app */;
			productType = "com.apple.product-type.application";
		};
		74EFB67521ECBB0D006083D9 /* Scooter14NSStringUITests */ = {
			isa = PBXNativeTarget;
			buildConfigurationList = 74EFB68221ECBB0D006083D9 /* Build configuration list for PBXNativeTarget "Scooter14NSStringUITests" */;
			buildPhases = (
				74EFB67221ECBB0D006083D9 /* Sources */,
				74EFB67321ECBB0D006083D9 /* Frameworks */,
				74EFB67421ECBB0D006083D9 /* Resources */,
			);
			buildRules = (
			);
			dependencies = (
				74EFB67821ECBB0D006083D9 /* PBXTargetDependency */,
			);
			name = Scooter14NSStringUITests;
			productName = Scooter14NSStringUITests;
			productReference = 74EFB67621ECBB0D006083D9 /* Scooter14NSStringUITests.xctest */;
			productType = "com.apple.product-type.bundle.ui-testing";
		};
/* End PBXNativeTarget section */

/* Begin PBXProject section */
		74EFB65621ECBB07006083D9 /* Project object */ = {
			isa = PBXProject;
			attributes = {
				LastUpgradeCheck = 1010;
				ORGANIZATIONNAME = "Yegor Kozlovskiy";
				TargetAttributes = {
					74EFB65D21ECBB08006083D9 = {
						CreatedOnToolsVersion = 10.1;
					};
					74EFB67521ECBB0D006083D9 = {
						CreatedOnToolsVersion = 10.1;
						TestTargetID = 74EFB65D21ECBB08006083D9;
					};
				};
			};
			buildConfigurationList = 74EFB65921ECBB07006083D9 /* Build configuration list for PBXProject "Scooter14NSString" */;
			compatibilityVersion = "Xcode 9.3";
			developmentRegion = en;
			hasScannedForEncodings = 0;
			knownRegions = (
				en,
				Base,
			);
			mainGroup = 74EFB65521ECBB07006083D9;
			productRefGroup = 74EFB65F21ECBB08006083D9 /* Products */;
			projectDirPath = "";
			projectRoot = "";
			targets = (
				74EFB65D21ECBB08006083D9 /* Scooter14NSString */,
				74EFB67521ECBB0D006083D9 /* Scooter14NSStringUITests */,
			);
		};
/* End PBXProject section */

/* Begin PBXResourcesBuildPhase section */
		74EFB65C21ECBB08006083D9 /* Resources */ = {
			isa = PBXResourcesBuildPhase;
			buildActionMask = 2147483647;
			files = (
				74EFB66E21ECBB0D006083D9 /* LaunchScreen.storyboard in Resources */,
				74EFB66B21ECBB0D006083D9 /* Assets.xcassets in Resources */,
				74EFB66921ECBB08006083D9 /* Main.storyboard in Resources */,
			);
			runOnlyForDeploymentPostprocessing = 0;
		};
		74EFB67421ECBB0D006083D9 /* Resources */ = {
			isa = PBXResourcesBuildPhase;
			buildActionMask = 2147483647;
			files = (
			);
			runOnlyForDeploymentPostprocessing = 0;
		};
/* End PBXResourcesBuildPhase section */

/* Begin PBXSourcesBuildPhase section */
		74EFB65A21ECBB08006083D9 /* Sources */ = {
			isa = PBXSourcesBuildPhase;
			buildActionMask = 2147483647;
			files = (
				74EFB66621ECBB08006083D9 /* ViewController.m in Sources */,
				74EFB67121ECBB0D006083D9 /* main.m in Sources */,
				74EFB66321ECBB08006083D9 /* AppDelegate.m in Sources */,
			);
			runOnlyForDeploymentPostprocessing = 0;
		};
		74EFB67221ECBB0D006083D9 /* Sources */ = {
			isa = PBXSourcesBuildPhase;
			buildActionMask = 2147483647;
			files = (
				74EFB67B21ECBB0D006083D9 /* Scooter14NSStringUITests.m in Sources */,
			);
			runOnlyForDeploymentPostprocessing = 0;
		};
/* End PBXSourcesBuildPhase section */

/* Begin PBXTargetDependency section */
		74EFB67821ECBB0D006083D9 /* PBXTargetDependency */ = {
			isa = PBXTargetDependency;
			target = 74EFB65D21ECBB08006083D9 /* Scooter14NSString */;
			targetProxy = 74EFB67721ECBB0D006083D9 /* PBXContainerItemProxy */;
		};
/* End PBXTargetDependency section */

/* Begin PBXVariantGroup section */
		74EFB66721ECBB08006083D9 /* Main.storyboard */ = {
			isa = PBXVariantGroup;
			children = (
				74EFB66821ECBB08006083D9 /* Base */,
			);
			name = Main.storyboard;
			sourceTree = "<group>";
		};
		74EFB66C21ECBB0D006083D9 /* LaunchScreen.storyboard */ = {
			isa = PBXVariantGroup;
			children = (
				74EFB66D21ECBB0D006083D9 /* Base */,
			);
			name = LaunchScreen.storyboard;
			sourceTree = "<group>";
		};
/* End PBXVariantGroup section */

/* Begin XCBuildConfiguration section */
		74EFB67D21ECBB0D006083D9 /* Debug */ = {
			isa = XCBuildConfiguration;
			buildSettings = {
				ALWAYS_SEARCH_USER_PATHS = NO;
				CLANG_ANALYZER_NONNULL = YES;
				CLANG_ANALYZER_NUMBER_OBJECT_CONVERSION = YES_AGGRESSIVE;
				CLANG_CXX_LANGUAGE_STANDARD = "gnu++14";
				CLANG_CXX_LIBRARY = "libc++";
				CLANG_ENABLE_MODULES = YES;
				CLANG_ENABLE_OBJC_ARC = YES;
				CLANG_ENABLE_OBJC_WEAK = YES;
				CLANG_WARN_BLOCK_CAPTURE_AUTORELEASING = YES;
				CLANG_WARN_BOOL_CONVERSION = YES;
				CLANG_WARN_COMMA = YES;
				CLANG_WARN_CONSTANT_CONVERSION = YES;
				CLANG_WARN_DEPRECATED_OBJC_IMPLEMENTATIONS = YES;
				CLANG_WARN_DIRECT_OBJC_ISA_USAGE = YES_ERROR;
				CLANG_WARN_DOCUMENTATION_COMMENTS = YES;
				CLANG_WARN_EMPTY_BODY = YES;
				CLANG_WARN_ENUM_CONVERSION = YES;
				CLANG_WARN_INFINITE_RECURSION = YES;
				CLANG_WARN_INT_CONVERSION = YES;
				CLANG_WARN_NON_LITERAL_NULL_CONVERSION = YES;
				CLANG_WARN_OBJC_IMPLICIT_RETAIN_SELF = YES;
				CLANG_WARN_OBJC_LITERAL_CONVERSION = YES;
				CLANG_WARN_OBJC_ROOT_CLASS = YES_ERROR;
				CLANG_WARN_RANGE_LOOP_ANALYSIS = YES;
				CLANG_WARN_STRICT_PROTOTYPES = YES;
				CLANG_WARN_SUSPICIOUS_MOVE = YES;
				CLANG_WARN_UNGUARDED_AVAILABILITY = YES_AGGRESSIVE;
				CLANG_WARN_UNREACHABLE_CODE = YES;
				CLANG_WARN__DUPLICATE_METHOD_MATCH = YES;
				CODE_SIGN_IDENTITY = "iPhone Developer";
				COPY_PHASE_STRIP = NO;
				DEBUG_INFORMATION_FORMAT = dwarf;
				ENABLE_STRICT_OBJC_MSGSEND = YES;
				ENABLE_TESTABILITY = YES;
				GCC_C_LANGUAGE_STANDARD = gnu11;
				GCC_DYNAMIC_NO_PIC = NO;
				GCC_NO_COMMON_BLOCKS = YES;
				GCC_OPTIMIZATION_LEVEL = 0;
				GCC_PREPROCESSOR_DEFINITIONS = (
					"DEBUG=1",
					"$(inherited)",
				);
				GCC_WARN_64_TO_32_BIT_CONVERSION = YES;
				GCC_WARN_ABOUT_RETURN_TYPE = YES_ERROR;
				GCC_WARN_UNDECLARED_SELECTOR = YES;
				GCC_WARN_UNINITIALIZED_AUTOS = YES_AGGRESSIVE;
				GCC_WARN_UNUSED_FUNCTION = YES;
				GCC_WARN_UNUSED_VARIABLE = YES;
				IPHONEOS_DEPLOYMENT_TARGET = 12.1;
				MTL_ENABLE_DEBUG_INFO = INCLUDE_SOURCE;
				MTL_FAST_MATH = YES;
				ONLY_ACTIVE_ARCH = YES;
				SDKROOT = iphoneos;
			};
			name = Debug;
		};
		74EFB67E21ECBB0D006083D9 /* Release */ = {
			isa = XCBuildConfiguration;
			buildSettings = {
				ALWAYS_SEARCH_USER_PATHS = NO;
				CLANG_ANALYZER_NONNULL = YES;
				CLANG_ANALYZER_NUMBER_OBJECT_CONVERSION = YES_AGGRESSIVE;
				CLANG_CXX_LANGUAGE_STANDARD = "gnu++14";
				CLANG_CXX_LIBRARY = "libc++";
				CLANG_ENABLE_MODULES = YES;
				CLANG_ENABLE_OBJC_ARC = YES;
				CLANG_ENABLE_OBJC_WEAK = YES;
				CLANG_WARN_BLOCK_CAPTURE_AUTORELEASING = YES;
				CLANG_WARN_BOOL_CONVERSION = YES;
				CLANG_WARN_COMMA = YES;
				CLANG_WARN_CONSTANT_CONVERSION = YES;
				CLANG_WARN_DEPRECATED_OBJC_IMPLEMENTATIONS = YES;
				CLANG_WARN_DIRECT_OBJC_ISA_USAGE = YES_ERROR;
				CLANG_WARN_DOCUMENTATION_COMMENTS = YES;
				CLANG_WARN_EMPTY_BODY = YES;
				CLANG_WARN_ENUM_CONVERSION = YES;
				CLANG_WARN_INFINITE_RECURSION = YES;
				CLANG_WARN_INT_CONVERSION = YES;
				CLANG_WARN_NON_LITERAL_NULL_CONVERSION = YES;
				CLANG_WARN_OBJC_IMPLICIT_RETAIN_SELF = YES;
				CLANG_WARN_OBJC_LITERAL_CONVERSION = YES;
				CLANG_WARN_OBJC_ROOT_CLASS = YES_ERROR;
				CLANG_WARN_RANGE_LOOP_ANALYSIS = YES;
				CLANG_WARN_STRICT_PROTOTYPES = YES;
				CLANG_WARN_SUSPICIOUS_MOVE = YES;
				CLANG_WARN_UNGUARDED_AVAILABILITY = YES_AGGRESSIVE;
				CLANG_WARN_UNREACHABLE_CODE = YES;
				CLANG_WARN__DUPLICATE_METHOD_MATCH = YES;
				CODE_SIGN_IDENTITY = "iPhone Developer";
				COPY_PHASE_STRIP = NO;
				DEBUG_INFORMATION_FORMAT = "dwarf-with-dsym";
				ENABLE_NS_ASSERTIONS = NO;
				ENABLE_STRICT_OBJC_MSGSEND = YES;
				GCC_C_LANGUAGE_STANDARD = gnu11;
				GCC_NO_COMMON_BLOCKS = YES;
				GCC_WARN_64_TO_32_BIT_CONVERSION = YES;
				GCC_WARN_ABOUT_RETURN_TYPE = YES_ERROR;
				GCC_WARN_UNDECLARED_SELECTOR = YES;
				GCC_WARN_UNINITIALIZED_AUTOS = YES_AGGRESSIVE;
				GCC_WARN_UNUSED_FUNCTION = YES;
				GCC_WARN_UNUSED_VARIABLE = YES;
				IPHONEOS_DEPLOYMENT_TARGET = 12.1;
				MTL_ENABLE_DEBUG_INFO = NO;
				MTL_FAST_MATH = YES;
				SDKROOT = iphoneos;
				VALIDATE_PRODUCT = YES;
			};
			name = Release;
		};
		74EFB68021ECBB0D006083D9 /* Debug */ = {
			isa = XCBuildConfiguration;
			buildSettings = {
				ASSETCATALOG_COMPILER_APPICON_NAME = AppIcon;
				CODE_SIGN_STYLE = Automatic;
				INFOPLIST_FILE = Scooter14NSString/Info.plist;
				LD_RUNPATH_SEARCH_PATHS = (
					"$(inherited)",
					"@executable_path/Frameworks",
				);
				PRODUCT_BUNDLE_IDENTIFIER = YK.Scooter14NSString;
				PRODUCT_NAME = "$(TARGET_NAME)";
				TARGETED_DEVICE_FAMILY = "1,2";
			};
			name = Debug;
		};
		74EFB68121ECBB0D006083D9 /* Release */ = {
			isa = XCBuildConfiguration;
			buildSettings = {
				ASSETCATALOG_COMPILER_APPICON_NAME = AppIcon;
				CODE_SIGN_STYLE = Automatic;
				INFOPLIST_FILE = Scooter14NSString/Info.plist;
				LD_RUNPATH_SEARCH_PATHS = (
					"$(inherited)",
					"@executable_path/Frameworks",
				);
				PRODUCT_BUNDLE_IDENTIFIER = YK.Scooter14NSString;
				PRODUCT_NAME = "$(TARGET_NAME)";
				TARGETED_DEVICE_FAMILY = "1,2";
			};
			name = Release;
		};
		74EFB68321ECBB0D006083D9 /* Debug */ = {
			isa = XCBuildConfiguration;
			buildSettings = {
				CODE_SIGN_STYLE = Automatic;
				INFOPLIST_FILE = Scooter14NSStringUITests/Info.plist;
				LD_RUNPATH_SEARCH_PATHS = (
					"$(inherited)",
					"@executable_path/Frameworks",
					"@loader_path/Frameworks",
				);
				PRODUCT_BUNDLE_IDENTIFIER = YK.Scooter14NSStringUITests;
				PRODUCT_NAME = "$(TARGET_NAME)";
				TARGETED_DEVICE_FAMILY = "1,2";
				TEST_TARGET_NAME = Scooter14NSString;
			};
			name = Debug;
		};
		74EFB68421ECBB0D006083D9 /* Release */ = {
			isa = XCBuildConfiguration;
			buildSettings = {
				CODE_SIGN_STYLE = Automatic;
				INFOPLIST_FILE = Scooter14NSStringUITests/Info.plist;
				LD_RUNPATH_SEARCH_PATHS = (
					"$(inherited)",
					"@executable_path/Frameworks",
					"@loader_path/Frameworks",
				);
				PRODUCT_BUNDLE_IDENTIFIER = YK.Scooter14NSStringUITests;
				PRODUCT_NAME = "$(TARGET_NAME)";
				TARGETED_DEVICE_FAMILY = "1,2";
				TEST_TARGET_NAME = Scooter14NSString;
			};
			name = Release;
		};
/* End XCBuildConfiguration section */

/* Begin XCConfigurationList section */
		74EFB65921ECBB07006083D9 /* Build configuration list for PBXProject "Scooter14NSString" */ = {
			isa = XCConfigurationList;
			buildConfigurations = (
				74EFB67D21ECBB0D006083D9 /* Debug */,
				74EFB67E21ECBB0D006083D9 /* Release */,
			);
			defaultConfigurationIsVisible = 0;
			defaultConfigurationName = Release;
		};
		74EFB67F21ECBB0D006083D9 /* Build configuration list for PBXNativeTarget "Scooter14NSString" */ = {
			isa = XCConfigurationList;
			buildConfigurations = (
				74EFB68021ECBB0D006083D9 /* Debug */,
				74EFB68121ECBB0D006083D9 /* Release */,
			);
			defaultConfigurationIsVisible = 0;
			defaultConfigurationName = Release;
		};
		74EFB68221ECBB0D006083D9 /* Build configuration list for PBXNativeTarget "Scooter14NSStringUITests" */ = {
			isa = XCConfigurationList;
			buildConfigurations = (
				74EFB68321ECBB0D006083D9 /* Debug */,
				74EFB68421ECBB0D006083D9 /* Release */,
			);
			defaultConfigurationIsVisible = 0;
			defaultConfigurationName = Release;
		};
/* End XCConfigurationList section */
	};
	rootObject = 74EFB65621ECBB07006083D9 /* Project object */;
}
