// !$*UTF8*$!
{
	archiveVersion = 1;
	classes = {
	};
	objectVersion = 50;
	objects = {

/* Begin PBXBuildFile section */
		74EFB69B21F617C4006083D9 /* AppDelegate.m in Sources */ = {isa = PBXBuildFile; fileRef = 74EFB69A21F617C4006083D9 /* AppDelegate.m */; };
		74EFB69E21F617C4006083D9 /* ViewController.m in Sources */ = {isa = PBXBuildFile; fileRef = 74EFB69D21F617C4006083D9 /* ViewController.m */; };
		74EFB6A121F617C4006083D9 /* Main.storyboard in Resources */ = {isa = PBXBuildFile; fileRef = 74EFB69F21F617C4006083D9 /* Main.storyboard */; };
		74EFB6A321F617CA006083D9 /* Assets.xcassets in Resources */ = {isa = PBXBuildFile; fileRef = 74EFB6A221F617CA006083D9 /* Assets.xcassets */; };
		74EFB6A621F617CA006083D9 /* LaunchScreen.storyboard in Resources */ = {isa = PBXBuildFile; fileRef = 74EFB6A421F617CA006083D9 /* LaunchScreen.storyboard */; };
		74EFB6A921F617CA006083D9 /* main.m in Sources */ = {isa = PBXBuildFile; fileRef = 74EFB6A821F617CA006083D9 /* main.m */; };
		74EFB6B321F62154006083D9 /* YKStudentTest.m in Sources */ = {isa = PBXBuildFile; fileRef = 74EFB6B221F62154006083D9 /* YKStudentTest.m */; };
		74EFB6B621F7230F006083D9 /* YKStudentHW.m in Sources */ = {isa = PBXBuildFile; fileRef = 74EFB6B521F7230F006083D9 /* YKStudentHW.m */; };
		74EFB6B921F8997C006083D9 /* YKBitsTests.m in Sources */ = {isa = PBXBuildFile; fileRef = 74EFB6B821F8997C006083D9 /* YKBitsTests.m */; };
/* End PBXBuildFile section */

/* Begin PBXFileReference section */
		74EFB69621F617C4006083D9 /* Skutarenko2019.app */ = {isa = PBXFileReference; explicitFileType = wrapper.application; includeInIndex = 0; path = Skutarenko2019.app; sourceTree = BUILT_PRODUCTS_DIR; };
		74EFB69921F617C4006083D9 /* AppDelegate.h */ = {isa = PBXFileReference; lastKnownFileType = sourcecode.c.h; path = AppDelegate.h; sourceTree = "<group>"; };
		74EFB69A21F617C4006083D9 /* AppDelegate.m */ = {isa = PBXFileReference; lastKnownFileType = sourcecode.c.objc; path = AppDelegate.m; sourceTree = "<group>"; };
		74EFB69C21F617C4006083D9 /* ViewController.h */ = {isa = PBXFileReference; lastKnownFileType = sourcecode.c.h; path = ViewController.h; sourceTree = "<group>"; };
		74EFB69D21F617C4006083D9 /* ViewController.m */ = {isa = PBXFileReference; lastKnownFileType = sourcecode.c.objc; path = ViewController.m; sourceTree = "<group>"; };
		74EFB6A021F617C4006083D9 /* Base */ = {isa = PBXFileReference; lastKnownFileType = file.storyboard; name = Base; path = Base.lproj/Main.storyboard; sourceTree = "<group>"; };
		74EFB6A221F617CA006083D9 /* Assets.xcassets */ = {isa = PBXFileReference; lastKnownFileType = folder.assetcatalog; path = Assets.xcassets; sourceTree = "<group>"; };
		74EFB6A521F617CA006083D9 /* Base */ = {isa = PBXFileReference; lastKnownFileType = file.storyboard; name = Base; path = Base.lproj/LaunchScreen.storyboard; sourceTree = "<group>"; };
		74EFB6A721F617CA006083D9 /* Info.plist */ = {isa = PBXFileReference; lastKnownFileType = text.plist.xml; path = Info.plist; sourceTree = "<group>"; };
		74EFB6A821F617CA006083D9 /* main.m */ = {isa = PBXFileReference; lastKnownFileType = sourcecode.c.objc; path = main.m; sourceTree = "<group>"; };
		74EFB6B121F62154006083D9 /* YKStudentTest.h */ = {isa = PBXFileReference; lastKnownFileType = sourcecode.c.h; path = YKStudentTest.h; sourceTree = "<group>"; };
		74EFB6B221F62154006083D9 /* YKStudentTest.m */ = {isa = PBXFileReference; lastKnownFileType = sourcecode.c.objc; path = YKStudentTest.m; sourceTree = "<group>"; };
		74EFB6B421F7230F006083D9 /* YKStudentHW.h */ = {isa = PBXFileReference; lastKnownFileType = sourcecode.c.h; path = YKStudentHW.h; sourceTree = "<group>"; };
		74EFB6B521F7230F006083D9 /* YKStudentHW.m */ = {isa = PBXFileReference; lastKnownFileType = sourcecode.c.objc; path = YKStudentHW.m; sourceTree = "<group>"; };
		74EFB6B721F8997C006083D9 /* YKBitsTests.h */ = {isa = PBXFileReference; lastKnownFileType = sourcecode.c.h; path = YKBitsTests.h; sourceTree = "<group>"; };
		74EFB6B821F8997C006083D9 /* YKBitsTests.m */ = {isa = PBXFileReference; lastKnownFileType = sourcecode.c.objc; path = YKBitsTests.m; sourceTree = "<group>"; };
/* End PBXFileReference section */

/* Begin PBXFrameworksBuildPhase section */
		74EFB69321F617C4006083D9 /* Frameworks */ = {
			isa = PBXFrameworksBuildPhase;
			buildActionMask = 2147483647;
			files = (
			);
			runOnlyForDeploymentPostprocessing = 0;
		};
/* End PBXFrameworksBuildPhase section */

/* Begin PBXGroup section */
		74EFB68D21F617C3006083D9 = {
			isa = PBXGroup;
			children = (
				74EFB69821F617C4006083D9 /* Skutarenko2019 */,
				74EFB69721F617C4006083D9 /* Products */,
			);
			sourceTree = "<group>";
		};
		74EFB69721F617C4006083D9 /* Products */ = {
			isa = PBXGroup;
			children = (
				74EFB69621F617C4006083D9 /* Skutarenko2019.app */,
			);
			name = Products;
			sourceTree = "<group>";
		};
		74EFB69821F617C4006083D9 /* Skutarenko2019 */ = {
			isa = PBXGroup;
			children = (
				74EFB6B021F6212A006083D9 /* Homework */,
				74EFB6AF21F62116006083D9 /* Teste */,
				74EFB69921F617C4006083D9 /* AppDelegate.h */,
				74EFB69A21F617C4006083D9 /* AppDelegate.m */,
				74EFB69C21F617C4006083D9 /* ViewController.h */,
				74EFB69D21F617C4006083D9 /* ViewController.m */,
				74EFB69F21F617C4006083D9 /* Main.storyboard */,
				74EFB6A221F617CA006083D9 /* Assets.xcassets */,
				74EFB6A421F617CA006083D9 /* LaunchScreen.storyboard */,
				74EFB6A721F617CA006083D9 /* Info.plist */,
				74EFB6A821F617CA006083D9 /* main.m */,
			);
			path = Skutarenko2019;
			sourceTree = "<group>";
		};
		74EFB6AF21F62116006083D9 /* Teste */ = {
			isa = PBXGroup;
			children = (
				74EFB6B721F8997C006083D9 /* YKBitsTests.h */,
				74EFB6B821F8997C006083D9 /* YKBitsTests.m */,
				74EFB6B121F62154006083D9 /* YKStudentTest.h */,
				74EFB6B221F62154006083D9 /* YKStudentTest.m */,
			);
			path = Teste;
			sourceTree = "<group>";
		};
		74EFB6B021F6212A006083D9 /* Homework */ = {
			isa = PBXGroup;
			children = (
				74EFB6B421F7230F006083D9 /* YKStudentHW.h */,
				74EFB6B521F7230F006083D9 /* YKStudentHW.m */,
			);
			path = Homework;
			sourceTree = "<group>";
		};
/* End PBXGroup section */

/* Begin PBXNativeTarget section */
		74EFB69521F617C4006083D9 /* Skutarenko2019 */ = {
			isa = PBXNativeTarget;
			buildConfigurationList = 74EFB6AC21F617CA006083D9 /* Build configuration list for PBXNativeTarget "Skutarenko2019" */;
			buildPhases = (
				74EFB69221F617C4006083D9 /* Sources */,
				74EFB69321F617C4006083D9 /* Frameworks */,
				74EFB69421F617C4006083D9 /* Resources */,
			);
			buildRules = (
			);
			dependencies = (
			);
			name = Skutarenko2019;
			productName = Skutarenko2019;
			productReference = 74EFB69621F617C4006083D9 /* Skutarenko2019.app */;
			productType = "com.apple.product-type.application";
		};
/* End PBXNativeTarget section */

/* Begin PBXProject section */
		74EFB68E21F617C3006083D9 /* Project object */ = {
			isa = PBXProject;
			attributes = {
				LastUpgradeCheck = 1010;
				ORGANIZATIONNAME = "Yegor Kozlovskiy";
				TargetAttributes = {
					74EFB69521F617C4006083D9 = {
						CreatedOnToolsVersion = 10.1;
					};
				};
			};
			buildConfigurationList = 74EFB69121F617C3006083D9 /* Build configuration list for PBXProject "Skutarenko2019" */;
			compatibilityVersion = "Xcode 9.3";
			developmentRegion = en;
			hasScannedForEncodings = 0;
			knownRegions = (
				en,
				Base,
			);
			mainGroup = 74EFB68D21F617C3006083D9;
			productRefGroup = 74EFB69721F617C4006083D9 /* Products */;
			projectDirPath = "";
			projectRoot = "";
			targets = (
				74EFB69521F617C4006083D9 /* Skutarenko2019 */,
			);
		};
/* End PBXProject section */

/* Begin PBXResourcesBuildPhase section */
		74EFB69421F617C4006083D9 /* Resources */ = {
			isa = PBXResourcesBuildPhase;
			buildActionMask = 2147483647;
			files = (
				74EFB6A621F617CA006083D9 /* LaunchScreen.storyboard in Resources */,
				74EFB6A321F617CA006083D9 /* Assets.xcassets in Resources */,
				74EFB6A121F617C4006083D9 /* Main.storyboard in Resources */,
			);
			runOnlyForDeploymentPostprocessing = 0;
		};
/* End PBXResourcesBuildPhase section */

/* Begin PBXSourcesBuildPhase section */
		74EFB69221F617C4006083D9 /* Sources */ = {
			isa = PBXSourcesBuildPhase;
			buildActionMask = 2147483647;
			files = (
				74EFB6B621F7230F006083D9 /* YKStudentHW.m in Sources */,
				74EFB69E21F617C4006083D9 /* ViewController.m in Sources */,
				74EFB6B321F62154006083D9 /* YKStudentTest.m in Sources */,
				74EFB6A921F617CA006083D9 /* main.m in Sources */,
				74EFB69B21F617C4006083D9 /* AppDelegate.m in Sources */,
				74EFB6B921F8997C006083D9 /* YKBitsTests.m in Sources */,
			);
			runOnlyForDeploymentPostprocessing = 0;
		};
/* End PBXSourcesBuildPhase section */

/* Begin PBXVariantGroup section */
		74EFB69F21F617C4006083D9 /* Main.storyboard */ = {
			isa = PBXVariantGroup;
			children = (
				74EFB6A021F617C4006083D9 /* Base */,
			);
			name = Main.storyboard;
			sourceTree = "<group>";
		};
		74EFB6A421F617CA006083D9 /* LaunchScreen.storyboard */ = {
			isa = PBXVariantGroup;
			children = (
				74EFB6A521F617CA006083D9 /* Base */,
			);
			name = LaunchScreen.storyboard;
			sourceTree = "<group>";
		};
/* End PBXVariantGroup section */

/* Begin XCBuildConfiguration section */
		74EFB6AA21F617CA006083D9 /* Debug */ = {
			isa = XCBuildConfiguration;
			buildSettings = {
				ALWAYS_SEARCH_USER_PATHS = NO;
				CLANG_ANALYZER_NONNULL = YES;
				CLANG_ANALYZER_NUMBER_OBJECT_CONVERSION = YES_AGGRESSIVE;
				CLANG_CXX_LANGUAGE_STANDARD = "gnu++14";
				CLANG_CXX_LIBRARY = "libc++";
				CLANG_ENABLE_MODULES = YES;
				CLANG_ENABLE_OBJC_ARC = YES;
				CLANG_ENABLE_OBJC_WEAK = YES;
				CLANG_WARN_BLOCK_CAPTURE_AUTORELEASING = YES;
				CLANG_WARN_BOOL_CONVERSION = YES;
				CLANG_WARN_COMMA = YES;
				CLANG_WARN_CONSTANT_CONVERSION = YES;
				CLANG_WARN_DEPRECATED_OBJC_IMPLEMENTATIONS = YES;
				CLANG_WARN_DIRECT_OBJC_ISA_USAGE = YES_ERROR;
				CLANG_WARN_DOCUMENTATION_COMMENTS = YES;
				CLANG_WARN_EMPTY_BODY = YES;
				CLANG_WARN_ENUM_CONVERSION = YES;
				CLANG_WARN_INFINITE_RECURSION = YES;
				CLANG_WARN_INT_CONVERSION = YES;
				CLANG_WARN_NON_LITERAL_NULL_CONVERSION = YES;
				CLANG_WARN_OBJC_IMPLICIT_RETAIN_SELF = YES;
				CLANG_WARN_OBJC_LITERAL_CONVERSION = YES;
				CLANG_WARN_OBJC_ROOT_CLASS = YES_ERROR;
				CLANG_WARN_RANGE_LOOP_ANALYSIS = YES;
				CLANG_WARN_STRICT_PROTOTYPES = YES;
				CLANG_WARN_SUSPICIOUS_MOVE = YES;
				CLANG_WARN_UNGUARDED_AVAILABILITY = YES_AGGRESSIVE;
				CLANG_WARN_UNREACHABLE_CODE = YES;
				CLANG_WARN__DUPLICATE_METHOD_MATCH = YES;
				CODE_SIGN_IDENTITY = "iPhone Developer";
				COPY_PHASE_STRIP = NO;
				DEBUG_INFORMATION_FORMAT = dwarf;
				ENABLE_STRICT_OBJC_MSGSEND = YES;
				ENABLE_TESTABILITY = YES;
				GCC_C_LANGUAGE_STANDARD = gnu11;
				GCC_DYNAMIC_NO_PIC = NO;
				GCC_NO_COMMON_BLOCKS = YES;
				GCC_OPTIMIZATION_LEVEL = 0;
				GCC_PREPROCESSOR_DEFINITIONS = (
					"DEBUG=1",
					"$(inherited)",
				);
				GCC_WARN_64_TO_32_BIT_CONVERSION = YES;
				GCC_WARN_ABOUT_RETURN_TYPE = YES_ERROR;
				GCC_WARN_UNDECLARED_SELECTOR = YES;
				GCC_WARN_UNINITIALIZED_AUTOS = YES_AGGRESSIVE;
				GCC_WARN_UNUSED_FUNCTION = YES;
				GCC_WARN_UNUSED_VARIABLE = YES;
				IPHONEOS_DEPLOYMENT_TARGET = 12.1;
				MTL_ENABLE_DEBUG_INFO = INCLUDE_SOURCE;
				MTL_FAST_MATH = YES;
				ONLY_ACTIVE_ARCH = YES;
				SDKROOT = iphoneos;
			};
			name = Debug;
		};
		74EFB6AB21F617CA006083D9 /* Release */ = {
			isa = XCBuildConfiguration;
			buildSettings = {
				ALWAYS_SEARCH_USER_PATHS = NO;
				CLANG_ANALYZER_NONNULL = YES;
				CLANG_ANALYZER_NUMBER_OBJECT_CONVERSION = YES_AGGRESSIVE;
				CLANG_CXX_LANGUAGE_STANDARD = "gnu++14";
				CLANG_CXX_LIBRARY = "libc++";
				CLANG_ENABLE_MODULES = YES;
				CLANG_ENABLE_OBJC_ARC = YES;
				CLANG_ENABLE_OBJC_WEAK = YES;
				CLANG_WARN_BLOCK_CAPTURE_AUTORELEASING = YES;
				CLANG_WARN_BOOL_CONVERSION = YES;
				CLANG_WARN_COMMA = YES;
				CLANG_WARN_CONSTANT_CONVERSION = YES;
				CLANG_WARN_DEPRECATED_OBJC_IMPLEMENTATIONS = YES;
				CLANG_WARN_DIRECT_OBJC_ISA_USAGE = YES_ERROR;
				CLANG_WARN_DOCUMENTATION_COMMENTS = YES;
				CLANG_WARN_EMPTY_BODY = YES;
				CLANG_WARN_ENUM_CONVERSION = YES;
				CLANG_WARN_INFINITE_RECURSION = YES;
				CLANG_WARN_INT_CONVERSION = YES;
				CLANG_WARN_NON_LITERAL_NULL_CONVERSION = YES;
				CLANG_WARN_OBJC_IMPLICIT_RETAIN_SELF = YES;
				CLANG_WARN_OBJC_LITERAL_CONVERSION = YES;
				CLANG_WARN_OBJC_ROOT_CLASS = YES_ERROR;
				CLANG_WARN_RANGE_LOOP_ANALYSIS = YES;
				CLANG_WARN_STRICT_PROTOTYPES = YES;
				CLANG_WARN_SUSPICIOUS_MOVE = YES;
				CLANG_WARN_UNGUARDED_AVAILABILITY = YES_AGGRESSIVE;
				CLANG_WARN_UNREACHABLE_CODE = YES;
				CLANG_WARN__DUPLICATE_METHOD_MATCH = YES;
				CODE_SIGN_IDENTITY = "iPhone Developer";
				COPY_PHASE_STRIP = NO;
				DEBUG_INFORMATION_FORMAT = "dwarf-with-dsym";
				ENABLE_NS_ASSERTIONS = NO;
				ENABLE_STRICT_OBJC_MSGSEND = YES;
				GCC_C_LANGUAGE_STANDARD = gnu11;
				GCC_NO_COMMON_BLOCKS = YES;
				GCC_WARN_64_TO_32_BIT_CONVERSION = YES;
				GCC_WARN_ABOUT_RETURN_TYPE = YES_ERROR;
				GCC_WARN_UNDECLARED_SELECTOR = YES;
				GCC_WARN_UNINITIALIZED_AUTOS = YES_AGGRESSIVE;
				GCC_WARN_UNUSED_FUNCTION = YES;
				GCC_WARN_UNUSED_VARIABLE = YES;
				IPHONEOS_DEPLOYMENT_TARGET = 12.1;
				MTL_ENABLE_DEBUG_INFO = NO;
				MTL_FAST_MATH = YES;
				SDKROOT = iphoneos;
				VALIDATE_PRODUCT = YES;
			};
			name = Release;
		};
		74EFB6AD21F617CA006083D9 /* Debug */ = {
			isa = XCBuildConfiguration;
			buildSettings = {
				ASSETCATALOG_COMPILER_APPICON_NAME = AppIcon;
				CODE_SIGN_STYLE = Automatic;
				INFOPLIST_FILE = Skutarenko2019/Info.plist;
				LD_RUNPATH_SEARCH_PATHS = (
					"$(inherited)",
					"@executable_path/Frameworks",
				);
				PRODUCT_BUNDLE_IDENTIFIER = YK.Skutarenko2019;
				PRODUCT_NAME = "$(TARGET_NAME)";
				TARGETED_DEVICE_FAMILY = "1,2";
			};
			name = Debug;
		};
		74EFB6AE21F617CA006083D9 /* Release */ = {
			isa = XCBuildConfiguration;
			buildSettings = {
				ASSETCATALOG_COMPILER_APPICON_NAME = AppIcon;
				CODE_SIGN_STYLE = Automatic;
				INFOPLIST_FILE = Skutarenko2019/Info.plist;
				LD_RUNPATH_SEARCH_PATHS = (
					"$(inherited)",
					"@executable_path/Frameworks",
				);
				PRODUCT_BUNDLE_IDENTIFIER = YK.Skutarenko2019;
				PRODUCT_NAME = "$(TARGET_NAME)";
				TARGETED_DEVICE_FAMILY = "1,2";
			};
			name = Release;
		};
/* End XCBuildConfiguration section */

/* Begin XCConfigurationList section */
		74EFB69121F617C3006083D9 /* Build configuration list for PBXProject "Skutarenko2019" */ = {
			isa = XCConfigurationList;
			buildConfigurations = (
				74EFB6AA21F617CA006083D9 /* Debug */,
				74EFB6AB21F617CA006083D9 /* Release */,
			);
			defaultConfigurationIsVisible = 0;
			defaultConfigurationName = Release;
		};
		74EFB6AC21F617CA006083D9 /* Build configuration list for PBXNativeTarget "Skutarenko2019" */ = {
			isa = XCConfigurationList;
			buildConfigurations = (
				74EFB6AD21F617CA006083D9 /* Debug */,
				74EFB6AE21F617CA006083D9 /* Release */,
			);
			defaultConfigurationIsVisible = 0;
			defaultConfigurationName = Release;
		};
/* End XCConfigurationList section */
	};
	rootObject = 74EFB68E21F617C3006083D9 /* Project object */;
}
