// !$*UTF8*$!
{
	archiveVersion = 1;
	classes = {
	};
	objectVersion = 48;
	objects = {

/* Begin PBXBuildFile section */
		4573DFB8200E184C000B24CD /* AppDelegate.m in Sources */ = {isa = PBXBuildFile; fileRef = 4573DFB7200E184C000B24CD /* AppDelegate.m */; };
		4573DFBB200E184C000B24CD /* ViewController.m in Sources */ = {isa = PBXBuildFile; fileRef = 4573DFBA200E184C000B24CD /* ViewController.m */; };
		4573DFBE200E184C000B24CD /* Main.storyboard in Resources */ = {isa = PBXBuildFile; fileRef = 4573DFBC200E184C000B24CD /* Main.storyboard */; };
		4573DFC0200E184C000B24CD /* Assets.xcassets in Resources */ = {isa = PBXBuildFile; fileRef = 4573DFBF200E184C000B24CD /* Assets.xcassets */; };
		4573DFC3200E184C000B24CD /* LaunchScreen.storyboard in Resources */ = {isa = PBXBuildFile; fileRef = 4573DFC1200E184C000B24CD /* LaunchScreen.storyboard */; };
		4573DFC6200E184C000B24CD /* main.m in Sources */ = {isa = PBXBuildFile; fileRef = 4573DFC5200E184C000B24CD /* main.m */; };
		4573DFD0200E184C000B24CD /* Scooter2018Tests.m in Sources */ = {isa = PBXBuildFile; fileRef = 4573DFCF200E184C000B24CD /* Scooter2018Tests.m */; };
		4573DFDB200E184C000B24CD /* Scooter2018UITests.m in Sources */ = {isa = PBXBuildFile; fileRef = 4573DFDA200E184C000B24CD /* Scooter2018UITests.m */; };
		4573DFEB200E68BA000B24CD /* YKParentClass.m in Sources */ = {isa = PBXBuildFile; fileRef = 4573DFEA200E68BA000B24CD /* YKParentClass.m */; };
		7405F8AC20B5AF04001C1EB8 /* YKStudent7.m in Sources */ = {isa = PBXBuildFile; fileRef = 7405F8AB20B5AF04001C1EB8 /* YKStudent7.m */; };
		7405F8AF20B5AF97001C1EB8 /* YKDancer7.m in Sources */ = {isa = PBXBuildFile; fileRef = 7405F8AE20B5AF97001C1EB8 /* YKDancer7.m */; };
		7405F8B220B5B04C001C1EB8 /* YKDeveloper7.m in Sources */ = {isa = PBXBuildFile; fileRef = 7405F8B120B5B04C001C1EB8 /* YKDeveloper7.m */; };
		7405F8C920BEA3A1001C1EB8 /* YKHomeWork7.m in Sources */ = {isa = PBXBuildFile; fileRef = 7405F8C820BEA3A1001C1EB8 /* YKHomeWork7.m */; };
		7455F46C2046D4A200135482 /* YKTest.m in Sources */ = {isa = PBXBuildFile; fileRef = 7455F46B2046D4A200135482 /* YKTest.m */; };
		7455F4702046D8EA00135482 /* YKObject.m in Sources */ = {isa = PBXBuildFile; fileRef = 7455F46F2046D8EA00135482 /* YKObject.m */; };
		745CBCE72058249600F35D2B /* YKArrayObject.m in Sources */ = {isa = PBXBuildFile; fileRef = 745CBCE62058249600F35D2B /* YKArrayObject.m */; };
		745CBCEA20582E3000F35D2B /* YKArrChild.m in Sources */ = {isa = PBXBuildFile; fileRef = 745CBCE920582E3000F35D2B /* YKArrChild.m */; };
		7462E1F120DD129400E10BF6 /* YKSportsman.m in Sources */ = {isa = PBXBuildFile; fileRef = 7462E1F020DD129400E10BF6 /* YKSportsman.m */; };
		7462E1F420DD12BC00E10BF6 /* YKLazyman.m in Sources */ = {isa = PBXBuildFile; fileRef = 7462E1F320DD12BC00E10BF6 /* YKLazyman.m */; };
		748E170C2073C29D00AC5BC0 /* YKStudent.m in Sources */ = {isa = PBXBuildFile; fileRef = 748E170B2073C29D00AC5BC0 /* YKStudent.m */; };
		7493A76520875C04005C3EFE /* YKHomeWork6.m in Sources */ = {isa = PBXBuildFile; fileRef = 7493A76420875C04005C3EFE /* YKHomeWork6.m */; };
		7493A76C20875D5A005C3EFE /* YKCar.m in Sources */ = {isa = PBXBuildFile; fileRef = 7493A76B20875D5A005C3EFE /* YKCar.m */; };
		7496EBD0205928E500836409 /* YKHomeWork.m in Sources */ = {isa = PBXBuildFile; fileRef = 7496EBCF205928E500836409 /* YKHomeWork.m */; };
		7496EBD420592B6700836409 /* YKHuman.m in Sources */ = {isa = PBXBuildFile; fileRef = 7496EBD320592B6700836409 /* YKHuman.m */; };
		7496EBD82059307300836409 /* YKBicyclist.m in Sources */ = {isa = PBXBuildFile; fileRef = 7496EBD72059307300836409 /* YKBicyclist.m */; };
		7496EBDB2059309900836409 /* YKRunner.m in Sources */ = {isa = PBXBuildFile; fileRef = 7496EBDA2059309900836409 /* YKRunner.m */; };
		7496EBDE205930AD00836409 /* YKSwimmer.m in Sources */ = {isa = PBXBuildFile; fileRef = 7496EBDD205930AD00836409 /* YKSwimmer.m */; };
		7496EBE12059404300836409 /* YKDriver.m in Sources */ = {isa = PBXBuildFile; fileRef = 7496EBE02059404300836409 /* YKDriver.m */; };
		7496EBE52059574300836409 /* YKAnimal.m in Sources */ = {isa = PBXBuildFile; fileRef = 7496EBE42059574300836409 /* YKAnimal.m */; };
		7496EBE820595A9600836409 /* YKDog.m in Sources */ = {isa = PBXBuildFile; fileRef = 7496EBE720595A9600836409 /* YKDog.m */; };
		7496EBEB20595B1900836409 /* YKHorse.m in Sources */ = {isa = PBXBuildFile; fileRef = 7496EBEA20595B1900836409 /* YKHorse.m */; };
		7496EBEE20595B6800836409 /* YKBird.m in Sources */ = {isa = PBXBuildFile; fileRef = 7496EBED20595B6800836409 /* YKBird.m */; };
		74AD75422044619B00708BC2 /* YKBoxer.m in Sources */ = {isa = PBXBuildFile; fileRef = 74AD75412044619B00708BC2 /* YKBoxer.m */; };
		74BB7D492088B86800921DBC /* YKCarDriver.m in Sources */ = {isa = PBXBuildFile; fileRef = 74BB7D482088B86800921DBC /* YKCarDriver.m */; };
		74CB73EC20E39D050040758B /* YKJumper7.m in Sources */ = {isa = PBXBuildFile; fileRef = 74CB73EB20E39D050040758B /* YKJumper7.m */; };
		74CB73EF20E39D1C0040758B /* YKSwimmer7.m in Sources */ = {isa = PBXBuildFile; fileRef = 74CB73EE20E39D1C0040758B /* YKSwimmer7.m */; };
		74CB73F220E39D310040758B /* YKRunner7.m in Sources */ = {isa = PBXBuildFile; fileRef = 74CB73F120E39D310040758B /* YKRunner7.m */; };
		74CB73F520E39F6B0040758B /* YKKangaroo.m in Sources */ = {isa = PBXBuildFile; fileRef = 74CB73F420E39F6B0040758B /* YKKangaroo.m */; };
		74CB73F820E39F990040758B /* YKFish7.m in Sources */ = {isa = PBXBuildFile; fileRef = 74CB73F720E39F990040758B /* YKFish7.m */; };
		74CB73FB20E39FD80040758B /* YKPuma7.m in Sources */ = {isa = PBXBuildFile; fileRef = 74CB73FA20E39FD80040758B /* YKPuma7.m */; };
		74FC246A2041C83C00C0BF91 /* YKChildClass.m in Sources */ = {isa = PBXBuildFile; fileRef = 74FC24692041C83C00C0BF91 /* YKChildClass.m */; };
/* End PBXBuildFile section */

/* Begin PBXContainerItemProxy section */
		4573DFCC200E184C000B24CD /* PBXContainerItemProxy */ = {
			isa = PBXContainerItemProxy;
			containerPortal = 4573DFAB200E184C000B24CD /* Project object */;
			proxyType = 1;
			remoteGlobalIDString = 4573DFB2200E184C000B24CD;
			remoteInfo = Scooter2018;
		};
		4573DFD7200E184C000B24CD /* PBXContainerItemProxy */ = {
			isa = PBXContainerItemProxy;
			containerPortal = 4573DFAB200E184C000B24CD /* Project object */;
			proxyType = 1;
			remoteGlobalIDString = 4573DFB2200E184C000B24CD;
			remoteInfo = Scooter2018;
		};
/* End PBXContainerItemProxy section */

/* Begin PBXFileReference section */
		4573DFB3200E184C000B24CD /* Scooter2018.app */ = {isa = PBXFileReference; explicitFileType = wrapper.application; includeInIndex = 0; path = Scooter2018.app; sourceTree = BUILT_PRODUCTS_DIR; };
		4573DFB6200E184C000B24CD /* AppDelegate.h */ = {isa = PBXFileReference; lastKnownFileType = sourcecode.c.h; path = AppDelegate.h; sourceTree = "<group>"; };
		4573DFB7200E184C000B24CD /* AppDelegate.m */ = {isa = PBXFileReference; lastKnownFileType = sourcecode.c.objc; path = AppDelegate.m; sourceTree = "<group>"; };
		4573DFB9200E184C000B24CD /* ViewController.h */ = {isa = PBXFileReference; lastKnownFileType = sourcecode.c.h; path = ViewController.h; sourceTree = "<group>"; };
		4573DFBA200E184C000B24CD /* ViewController.m */ = {isa = PBXFileReference; lastKnownFileType = sourcecode.c.objc; path = ViewController.m; sourceTree = "<group>"; };
		4573DFBD200E184C000B24CD /* Base */ = {isa = PBXFileReference; lastKnownFileType = file.storyboard; name = Base; path = Base.lproj/Main.storyboard; sourceTree = "<group>"; };
		4573DFBF200E184C000B24CD /* Assets.xcassets */ = {isa = PBXFileReference; lastKnownFileType = folder.assetcatalog; path = Assets.xcassets; sourceTree = "<group>"; };
		4573DFC2200E184C000B24CD /* Base */ = {isa = PBXFileReference; lastKnownFileType = file.storyboard; name = Base; path = Base.lproj/LaunchScreen.storyboard; sourceTree = "<group>"; };
		4573DFC4200E184C000B24CD /* Info.plist */ = {isa = PBXFileReference; lastKnownFileType = text.plist.xml; path = Info.plist; sourceTree = "<group>"; };
		4573DFC5200E184C000B24CD /* main.m */ = {isa = PBXFileReference; lastKnownFileType = sourcecode.c.objc; path = main.m; sourceTree = "<group>"; };
		4573DFCB200E184C000B24CD /* Scooter2018Tests.xctest */ = {isa = PBXFileReference; explicitFileType = wrapper.cfbundle; includeInIndex = 0; path = Scooter2018Tests.xctest; sourceTree = BUILT_PRODUCTS_DIR; };
		4573DFCF200E184C000B24CD /* Scooter2018Tests.m */ = {isa = PBXFileReference; lastKnownFileType = sourcecode.c.objc; path = Scooter2018Tests.m; sourceTree = "<group>"; };
		4573DFD1200E184C000B24CD /* Info.plist */ = {isa = PBXFileReference; lastKnownFileType = text.plist.xml; path = Info.plist; sourceTree = "<group>"; };
		4573DFD6200E184C000B24CD /* Scooter2018UITests.xctest */ = {isa = PBXFileReference; explicitFileType = wrapper.cfbundle; includeInIndex = 0; path = Scooter2018UITests.xctest; sourceTree = BUILT_PRODUCTS_DIR; };
		4573DFDA200E184C000B24CD /* Scooter2018UITests.m */ = {isa = PBXFileReference; lastKnownFileType = sourcecode.c.objc; path = Scooter2018UITests.m; sourceTree = "<group>"; };
		4573DFDC200E184C000B24CD /* Info.plist */ = {isa = PBXFileReference; lastKnownFileType = text.plist.xml; path = Info.plist; sourceTree = "<group>"; };
		4573DFE9200E68BA000B24CD /* YKParentClass.h */ = {isa = PBXFileReference; lastKnownFileType = sourcecode.c.h; path = YKParentClass.h; sourceTree = "<group>"; };
		4573DFEA200E68BA000B24CD /* YKParentClass.m */ = {isa = PBXFileReference; lastKnownFileType = sourcecode.c.objc; path = YKParentClass.m; sourceTree = "<group>"; };
		45E4A34120C96378001B5274 /* YKJumpers.h */ = {isa = PBXFileReference; lastKnownFileType = sourcecode.c.h; path = YKJumpers.h; sourceTree = "<group>"; };
		45E4A34220C963A1001B5274 /* YKSwimmers.h */ = {isa = PBXFileReference; lastKnownFileType = sourcecode.c.h; path = YKSwimmers.h; sourceTree = "<group>"; };
		45E4A34320C963BC001B5274 /* YKRunners.h */ = {isa = PBXFileReference; lastKnownFileType = sourcecode.c.h; path = YKRunners.h; sourceTree = "<group>"; };
		7405F8AA20B5AF04001C1EB8 /* YKStudent7.h */ = {isa = PBXFileReference; lastKnownFileType = sourcecode.c.h; path = YKStudent7.h; sourceTree = "<group>"; };
		7405F8AB20B5AF04001C1EB8 /* YKStudent7.m */ = {isa = PBXFileReference; lastKnownFileType = sourcecode.c.objc; path = YKStudent7.m; sourceTree = "<group>"; };
		7405F8AD20B5AF97001C1EB8 /* YKDancer7.h */ = {isa = PBXFileReference; lastKnownFileType = sourcecode.c.h; path = YKDancer7.h; sourceTree = "<group>"; };
		7405F8AE20B5AF97001C1EB8 /* YKDancer7.m */ = {isa = PBXFileReference; lastKnownFileType = sourcecode.c.objc; path = YKDancer7.m; sourceTree = "<group>"; };
		7405F8B020B5B04C001C1EB8 /* YKDeveloper7.h */ = {isa = PBXFileReference; lastKnownFileType = sourcecode.c.h; path = YKDeveloper7.h; sourceTree = "<group>"; };
		7405F8B120B5B04C001C1EB8 /* YKDeveloper7.m */ = {isa = PBXFileReference; lastKnownFileType = sourcecode.c.objc; path = YKDeveloper7.m; sourceTree = "<group>"; };
		7405F8B320B5B1BF001C1EB8 /* YKPatient.h */ = {isa = PBXFileReference; lastKnownFileType = sourcecode.c.h; path = YKPatient.h; sourceTree = "<group>"; };
		7405F8C720BEA3A1001C1EB8 /* YKHomeWork7.h */ = {isa = PBXFileReference; lastKnownFileType = sourcecode.c.h; path = YKHomeWork7.h; sourceTree = "<group>"; };
		7405F8C820BEA3A1001C1EB8 /* YKHomeWork7.m */ = {isa = PBXFileReference; lastKnownFileType = sourcecode.c.objc; path = YKHomeWork7.m; sourceTree = "<group>"; };
		7455F46A2046D4A200135482 /* YKTest.h */ = {isa = PBXFileReference; lastKnownFileType = sourcecode.c.h; path = YKTest.h; sourceTree = "<group>"; };
		7455F46B2046D4A200135482 /* YKTest.m */ = {isa = PBXFileReference; lastKnownFileType = sourcecode.c.objc; path = YKTest.m; sourceTree = "<group>"; };
		7455F46E2046D8EA00135482 /* YKObject.h */ = {isa = PBXFileReference; lastKnownFileType = sourcecode.c.h; path = YKObject.h; sourceTree = "<group>"; };
		7455F46F2046D8EA00135482 /* YKObject.m */ = {isa = PBXFileReference; lastKnownFileType = sourcecode.c.objc; path = YKObject.m; sourceTree = "<group>"; };
		745CBCE52058249600F35D2B /* YKArrayObject.h */ = {isa = PBXFileReference; lastKnownFileType = sourcecode.c.h; path = YKArrayObject.h; sourceTree = "<group>"; };
		745CBCE62058249600F35D2B /* YKArrayObject.m */ = {isa = PBXFileReference; lastKnownFileType = sourcecode.c.objc; path = YKArrayObject.m; sourceTree = "<group>"; };
		745CBCE820582E3000F35D2B /* YKArrChild.h */ = {isa = PBXFileReference; lastKnownFileType = sourcecode.c.h; path = YKArrChild.h; sourceTree = "<group>"; };
		745CBCE920582E3000F35D2B /* YKArrChild.m */ = {isa = PBXFileReference; lastKnownFileType = sourcecode.c.objc; path = YKArrChild.m; sourceTree = "<group>"; };
		7462E1EF20DD129400E10BF6 /* YKSportsman.h */ = {isa = PBXFileReference; lastKnownFileType = sourcecode.c.h; path = YKSportsman.h; sourceTree = "<group>"; };
		7462E1F020DD129400E10BF6 /* YKSportsman.m */ = {isa = PBXFileReference; lastKnownFileType = sourcecode.c.objc; path = YKSportsman.m; sourceTree = "<group>"; };
		7462E1F220DD12BC00E10BF6 /* YKLazyman.h */ = {isa = PBXFileReference; lastKnownFileType = sourcecode.c.h; path = YKLazyman.h; sourceTree = "<group>"; };
		7462E1F320DD12BC00E10BF6 /* YKLazyman.m */ = {isa = PBXFileReference; lastKnownFileType = sourcecode.c.objc; path = YKLazyman.m; sourceTree = "<group>"; };
		748E170A2073C29D00AC5BC0 /* YKStudent.h */ = {isa = PBXFileReference; lastKnownFileType = sourcecode.c.h; path = YKStudent.h; sourceTree = "<group>"; };
		748E170B2073C29D00AC5BC0 /* YKStudent.m */ = {isa = PBXFileReference; lastKnownFileType = sourcecode.c.objc; path = YKStudent.m; sourceTree = "<group>"; };
		7493A76320875C04005C3EFE /* YKHomeWork6.h */ = {isa = PBXFileReference; lastKnownFileType = sourcecode.c.h; path = YKHomeWork6.h; sourceTree = "<group>"; };
		7493A76420875C04005C3EFE /* YKHomeWork6.m */ = {isa = PBXFileReference; lastKnownFileType = sourcecode.c.objc; path = YKHomeWork6.m; sourceTree = "<group>"; };
		7493A76A20875D5A005C3EFE /* YKCar.h */ = {isa = PBXFileReference; lastKnownFileType = sourcecode.c.h; path = YKCar.h; sourceTree = "<group>"; };
		7493A76B20875D5A005C3EFE /* YKCar.m */ = {isa = PBXFileReference; lastKnownFileType = sourcecode.c.objc; path = YKCar.m; sourceTree = "<group>"; };
		7496EBCE205928E500836409 /* YKHomeWork.h */ = {isa = PBXFileReference; lastKnownFileType = sourcecode.c.h; path = YKHomeWork.h; sourceTree = "<group>"; };
		7496EBCF205928E500836409 /* YKHomeWork.m */ = {isa = PBXFileReference; lastKnownFileType = sourcecode.c.objc; path = YKHomeWork.m; sourceTree = "<group>"; };
		7496EBD220592B6700836409 /* YKHuman.h */ = {isa = PBXFileReference; lastKnownFileType = sourcecode.c.h; path = YKHuman.h; sourceTree = "<group>"; };
		7496EBD320592B6700836409 /* YKHuman.m */ = {isa = PBXFileReference; lastKnownFileType = sourcecode.c.objc; path = YKHuman.m; sourceTree = "<group>"; };
		7496EBD62059307300836409 /* YKBicyclist.h */ = {isa = PBXFileReference; lastKnownFileType = sourcecode.c.h; path = YKBicyclist.h; sourceTree = "<group>"; };
		7496EBD72059307300836409 /* YKBicyclist.m */ = {isa = PBXFileReference; lastKnownFileType = sourcecode.c.objc; path = YKBicyclist.m; sourceTree = "<group>"; };
		7496EBD92059309900836409 /* YKRunner.h */ = {isa = PBXFileReference; lastKnownFileType = sourcecode.c.h; path = YKRunner.h; sourceTree = "<group>"; };
		7496EBDA2059309900836409 /* YKRunner.m */ = {isa = PBXFileReference; lastKnownFileType = sourcecode.c.objc; path = YKRunner.m; sourceTree = "<group>"; };
		7496EBDC205930AD00836409 /* YKSwimmer.h */ = {isa = PBXFileReference; lastKnownFileType = sourcecode.c.h; path = YKSwimmer.h; sourceTree = "<group>"; };
		7496EBDD205930AD00836409 /* YKSwimmer.m */ = {isa = PBXFileReference; lastKnownFileType = sourcecode.c.objc; path = YKSwimmer.m; sourceTree = "<group>"; };
		7496EBDF2059404300836409 /* YKDriver.h */ = {isa = PBXFileReference; lastKnownFileType = sourcecode.c.h; path = YKDriver.h; sourceTree = "<group>"; };
		7496EBE02059404300836409 /* YKDriver.m */ = {isa = PBXFileReference; lastKnownFileType = sourcecode.c.objc; path = YKDriver.m; sourceTree = "<group>"; };
		7496EBE32059574300836409 /* YKAnimal.h */ = {isa = PBXFileReference; lastKnownFileType = sourcecode.c.h; path = YKAnimal.h; sourceTree = "<group>"; };
		7496EBE42059574300836409 /* YKAnimal.m */ = {isa = PBXFileReference; lastKnownFileType = sourcecode.c.objc; path = YKAnimal.m; sourceTree = "<group>"; };
		7496EBE620595A9600836409 /* YKDog.h */ = {isa = PBXFileReference; lastKnownFileType = sourcecode.c.h; path = YKDog.h; sourceTree = "<group>"; };
		7496EBE720595A9600836409 /* YKDog.m */ = {isa = PBXFileReference; lastKnownFileType = sourcecode.c.objc; path = YKDog.m; sourceTree = "<group>"; };
		7496EBE920595B1900836409 /* YKHorse.h */ = {isa = PBXFileReference; lastKnownFileType = sourcecode.c.h; path = YKHorse.h; sourceTree = "<group>"; };
		7496EBEA20595B1900836409 /* YKHorse.m */ = {isa = PBXFileReference; lastKnownFileType = sourcecode.c.objc; path = YKHorse.m; sourceTree = "<group>"; };
		7496EBEC20595B6800836409 /* YKBird.h */ = {isa = PBXFileReference; lastKnownFileType = sourcecode.c.h; path = YKBird.h; sourceTree = "<group>"; };
		7496EBED20595B6800836409 /* YKBird.m */ = {isa = PBXFileReference; lastKnownFileType = sourcecode.c.objc; path = YKBird.m; sourceTree = "<group>"; };
		74AD75402044619B00708BC2 /* YKBoxer.h */ = {isa = PBXFileReference; lastKnownFileType = sourcecode.c.h; path = YKBoxer.h; sourceTree = "<group>"; };
		74AD75412044619B00708BC2 /* YKBoxer.m */ = {isa = PBXFileReference; lastKnownFileType = sourcecode.c.objc; path = YKBoxer.m; sourceTree = "<group>"; };
		74BB7D472088B86800921DBC /* YKCarDriver.h */ = {isa = PBXFileReference; lastKnownFileType = sourcecode.c.h; path = YKCarDriver.h; sourceTree = "<group>"; };
		74BB7D482088B86800921DBC /* YKCarDriver.m */ = {isa = PBXFileReference; lastKnownFileType = sourcecode.c.objc; path = YKCarDriver.m; sourceTree = "<group>"; };
		74CB73EA20E39D050040758B /* YKJumper7.h */ = {isa = PBXFileReference; lastKnownFileType = sourcecode.c.h; path = YKJumper7.h; sourceTree = "<group>"; };
		74CB73EB20E39D050040758B /* YKJumper7.m */ = {isa = PBXFileReference; lastKnownFileType = sourcecode.c.objc; path = YKJumper7.m; sourceTree = "<group>"; };
		74CB73ED20E39D1C0040758B /* YKSwimmer7.h */ = {isa = PBXFileReference; lastKnownFileType = sourcecode.c.h; path = YKSwimmer7.h; sourceTree = "<group>"; };
		74CB73EE20E39D1C0040758B /* YKSwimmer7.m */ = {isa = PBXFileReference; lastKnownFileType = sourcecode.c.objc; path = YKSwimmer7.m; sourceTree = "<group>"; };
		74CB73F020E39D310040758B /* YKRunner7.h */ = {isa = PBXFileReference; lastKnownFileType = sourcecode.c.h; path = YKRunner7.h; sourceTree = "<group>"; };
		74CB73F120E39D310040758B /* YKRunner7.m */ = {isa = PBXFileReference; lastKnownFileType = sourcecode.c.objc; path = YKRunner7.m; sourceTree = "<group>"; };
		74CB73F320E39F6B0040758B /* YKKangaroo.h */ = {isa = PBXFileReference; lastKnownFileType = sourcecode.c.h; path = YKKangaroo.h; sourceTree = "<group>"; };
		74CB73F420E39F6B0040758B /* YKKangaroo.m */ = {isa = PBXFileReference; lastKnownFileType = sourcecode.c.objc; path = YKKangaroo.m; sourceTree = "<group>"; };
		74CB73F620E39F990040758B /* YKFish7.h */ = {isa = PBXFileReference; lastKnownFileType = sourcecode.c.h; path = YKFish7.h; sourceTree = "<group>"; };
		74CB73F720E39F990040758B /* YKFish7.m */ = {isa = PBXFileReference; lastKnownFileType = sourcecode.c.objc; path = YKFish7.m; sourceTree = "<group>"; };
		74CB73F920E39FD80040758B /* YKPuma7.h */ = {isa = PBXFileReference; lastKnownFileType = sourcecode.c.h; path = YKPuma7.h; sourceTree = "<group>"; };
		74CB73FA20E39FD80040758B /* YKPuma7.m */ = {isa = PBXFileReference; lastKnownFileType = sourcecode.c.objc; path = YKPuma7.m; sourceTree = "<group>"; };
		74FC24682041C83C00C0BF91 /* YKChildClass.h */ = {isa = PBXFileReference; lastKnownFileType = sourcecode.c.h; path = YKChildClass.h; sourceTree = "<group>"; };
		74FC24692041C83C00C0BF91 /* YKChildClass.m */ = {isa = PBXFileReference; lastKnownFileType = sourcecode.c.objc; path = YKChildClass.m; sourceTree = "<group>"; };
/* End PBXFileReference section */

/* Begin PBXFrameworksBuildPhase section */
		4573DFB0200E184C000B24CD /* Frameworks */ = {
			isa = PBXFrameworksBuildPhase;
			buildActionMask = 2147483647;
			files = (
			);
			runOnlyForDeploymentPostprocessing = 0;
		};
		4573DFC8200E184C000B24CD /* Frameworks */ = {
			isa = PBXFrameworksBuildPhase;
			buildActionMask = 2147483647;
			files = (
			);
			runOnlyForDeploymentPostprocessing = 0;
		};
		4573DFD3200E184C000B24CD /* Frameworks */ = {
			isa = PBXFrameworksBuildPhase;
			buildActionMask = 2147483647;
			files = (
			);
			runOnlyForDeploymentPostprocessing = 0;
		};
/* End PBXFrameworksBuildPhase section */

/* Begin PBXGroup section */
		4573DFAA200E184C000B24CD = {
			isa = PBXGroup;
			children = (
				4573DFB5200E184C000B24CD /* Scooter2018 */,
				4573DFCE200E184C000B24CD /* Scooter2018Tests */,
				4573DFD9200E184C000B24CD /* Scooter2018UITests */,
				4573DFB4200E184C000B24CD /* Products */,
			);
			sourceTree = "<group>";
		};
		4573DFB4200E184C000B24CD /* Products */ = {
			isa = PBXGroup;
			children = (
				4573DFB3200E184C000B24CD /* Scooter2018.app */,
				4573DFCB200E184C000B24CD /* Scooter2018Tests.xctest */,
				4573DFD6200E184C000B24CD /* Scooter2018UITests.xctest */,
			);
			name = Products;
			sourceTree = "<group>";
		};
		4573DFB5200E184C000B24CD /* Scooter2018 */ = {
			isa = PBXGroup;
			children = (
				7496EBCD205928B000836409 /* HomeWork */,
				7455F4692046D47300135482 /* Tests */,
				4573DFE8200E684E000B24CD /* Task1 */,
				74AD753F2044613D00708BC2 /* Properties1 */,
				7455F46D2046D86F00135482 /* Properties2 */,
				745CBCE42058241500F35D2B /* 5Array */,
				748E17092073C24100AC5BC0 /* 6 Data Types */,
				7405F8A920B5AEB5001C1EB8 /* 7Protocols */,
				4573DFB6200E184C000B24CD /* AppDelegate.h */,
				4573DFB7200E184C000B24CD /* AppDelegate.m */,
				4573DFB9200E184C000B24CD /* ViewController.h */,
				4573DFBA200E184C000B24CD /* ViewController.m */,
				4573DFBC200E184C000B24CD /* Main.storyboard */,
				4573DFBF200E184C000B24CD /* Assets.xcassets */,
				4573DFC1200E184C000B24CD /* LaunchScreen.storyboard */,
				4573DFC4200E184C000B24CD /* Info.plist */,
				4573DFC5200E184C000B24CD /* main.m */,
			);
			path = Scooter2018;
			sourceTree = "<group>";
		};
		4573DFCE200E184C000B24CD /* Scooter2018Tests */ = {
			isa = PBXGroup;
			children = (
				4573DFCF200E184C000B24CD /* Scooter2018Tests.m */,
				4573DFD1200E184C000B24CD /* Info.plist */,
			);
			path = Scooter2018Tests;
			sourceTree = "<group>";
		};
		4573DFD9200E184C000B24CD /* Scooter2018UITests */ = {
			isa = PBXGroup;
			children = (
				4573DFDA200E184C000B24CD /* Scooter2018UITests.m */,
				4573DFDC200E184C000B24CD /* Info.plist */,
			);
			path = Scooter2018UITests;
			sourceTree = "<group>";
		};
		4573DFE8200E684E000B24CD /* Task1 */ = {
			isa = PBXGroup;
			children = (
				4573DFE9200E68BA000B24CD /* YKParentClass.h */,
				4573DFEA200E68BA000B24CD /* YKParentClass.m */,
				74FC24682041C83C00C0BF91 /* YKChildClass.h */,
				74FC24692041C83C00C0BF91 /* YKChildClass.m */,
			);
			path = Task1;
			sourceTree = "<group>";
		};
		7405F8A920B5AEB5001C1EB8 /* 7Protocols */ = {
			isa = PBXGroup;
			children = (
				7405F8AA20B5AF04001C1EB8 /* YKStudent7.h */,
				7405F8AB20B5AF04001C1EB8 /* YKStudent7.m */,
				7405F8AD20B5AF97001C1EB8 /* YKDancer7.h */,
				7405F8AE20B5AF97001C1EB8 /* YKDancer7.m */,
				7405F8B020B5B04C001C1EB8 /* YKDeveloper7.h */,
				7405F8B120B5B04C001C1EB8 /* YKDeveloper7.m */,
				7405F8B320B5B1BF001C1EB8 /* YKPatient.h */,
			);
			path = 7Protocols;
			sourceTree = "<group>";
		};
		7405F8CA20BEA3B1001C1EB8 /* HomeWork7Protocols */ = {
			isa = PBXGroup;
			children = (
				45E4A34120C96378001B5274 /* YKJumpers.h */,
				45E4A34220C963A1001B5274 /* YKSwimmers.h */,
				45E4A34320C963BC001B5274 /* YKRunners.h */,
				7462E1EE20DD124500E10BF6 /* Creature */,
			);
			path = HomeWork7Protocols;
			sourceTree = "<group>";
		};
		7455F4692046D47300135482 /* Tests */ = {
			isa = PBXGroup;
			children = (
				7455F46A2046D4A200135482 /* YKTest.h */,
				7455F46B2046D4A200135482 /* YKTest.m */,
			);
			path = Tests;
			sourceTree = "<group>";
		};
		7455F46D2046D86F00135482 /* Properties2 */ = {
			isa = PBXGroup;
			children = (
				7455F46E2046D8EA00135482 /* YKObject.h */,
				7455F46F2046D8EA00135482 /* YKObject.m */,
			);
			path = Properties2;
			sourceTree = "<group>";
		};
		745CBCE42058241500F35D2B /* 5Array */ = {
			isa = PBXGroup;
			children = (
				745CBCE52058249600F35D2B /* YKArrayObject.h */,
				745CBCE62058249600F35D2B /* YKArrayObject.m */,
				745CBCE820582E3000F35D2B /* YKArrChild.h */,
				745CBCE920582E3000F35D2B /* YKArrChild.m */,
			);
			path = 5Array;
			sourceTree = "<group>";
		};
		7462E1EE20DD124500E10BF6 /* Creature */ = {
			isa = PBXGroup;
			children = (
				7462E1EF20DD129400E10BF6 /* YKSportsman.h */,
				7462E1F020DD129400E10BF6 /* YKSportsman.m */,
				7462E1F220DD12BC00E10BF6 /* YKLazyman.h */,
				7462E1F320DD12BC00E10BF6 /* YKLazyman.m */,
				74CB73EA20E39D050040758B /* YKJumper7.h */,
				74CB73EB20E39D050040758B /* YKJumper7.m */,
				74CB73ED20E39D1C0040758B /* YKSwimmer7.h */,
				74CB73EE20E39D1C0040758B /* YKSwimmer7.m */,
				74CB73F020E39D310040758B /* YKRunner7.h */,
				74CB73F120E39D310040758B /* YKRunner7.m */,
				74CB73F320E39F6B0040758B /* YKKangaroo.h */,
				74CB73F420E39F6B0040758B /* YKKangaroo.m */,
				74CB73F620E39F990040758B /* YKFish7.h */,
				74CB73F720E39F990040758B /* YKFish7.m */,
				74CB73F920E39FD80040758B /* YKPuma7.h */,
				74CB73FA20E39FD80040758B /* YKPuma7.m */,
			);
			path = Creature;
			sourceTree = "<group>";
		};
		748E17092073C24100AC5BC0 /* 6 Data Types */ = {
			isa = PBXGroup;
			children = (
				748E170A2073C29D00AC5BC0 /* YKStudent.h */,
				748E170B2073C29D00AC5BC0 /* YKStudent.m */,
			);
			path = "6 Data Types";
			sourceTree = "<group>";
		};
		7493A76620875CCD005C3EFE /* HomeWork6 */ = {
			isa = PBXGroup;
			children = (
				7493A76A20875D5A005C3EFE /* YKCar.h */,
				7493A76B20875D5A005C3EFE /* YKCar.m */,
				74BB7D472088B86800921DBC /* YKCarDriver.h */,
				74BB7D482088B86800921DBC /* YKCarDriver.m */,
			);
			path = HomeWork6;
			sourceTree = "<group>";
		};
		7496EBCD205928B000836409 /* HomeWork */ = {
			isa = PBXGroup;
			children = (
				7405F8C720BEA3A1001C1EB8 /* YKHomeWork7.h */,
				7405F8C820BEA3A1001C1EB8 /* YKHomeWork7.m */,
				7405F8CA20BEA3B1001C1EB8 /* HomeWork7Protocols */,
				7493A76320875C04005C3EFE /* YKHomeWork6.h */,
				7493A76420875C04005C3EFE /* YKHomeWork6.m */,
				7493A76620875CCD005C3EFE /* HomeWork6 */,
				7496EBCE205928E500836409 /* YKHomeWork.h */,
				7496EBCF205928E500836409 /* YKHomeWork.m */,
				7496EBD120592B3C00836409 /* Human */,
				7496EBD520592FBE00836409 /* Child */,
				7496EBE2205956D000836409 /* Animals */,
			);
			path = HomeWork;
			sourceTree = "<group>";
		};
		7496EBD120592B3C00836409 /* Human */ = {
			isa = PBXGroup;
			children = (
				7496EBD220592B6700836409 /* YKHuman.h */,
				7496EBD320592B6700836409 /* YKHuman.m */,
			);
			path = Human;
			sourceTree = "<group>";
		};
		7496EBD520592FBE00836409 /* Child */ = {
			isa = PBXGroup;
			children = (
				7496EBD62059307300836409 /* YKBicyclist.h */,
				7496EBD72059307300836409 /* YKBicyclist.m */,
				7496EBD92059309900836409 /* YKRunner.h */,
				7496EBDA2059309900836409 /* YKRunner.m */,
				7496EBDC205930AD00836409 /* YKSwimmer.h */,
				7496EBDD205930AD00836409 /* YKSwimmer.m */,
				7496EBDF2059404300836409 /* YKDriver.h */,
				7496EBE02059404300836409 /* YKDriver.m */,
			);
			path = Child;
			sourceTree = "<group>";
		};
		7496EBE2205956D000836409 /* Animals */ = {
			isa = PBXGroup;
			children = (
				7496EBE32059574300836409 /* YKAnimal.h */,
				7496EBE42059574300836409 /* YKAnimal.m */,
				7496EBE620595A9600836409 /* YKDog.h */,
				7496EBE720595A9600836409 /* YKDog.m */,
				7496EBE920595B1900836409 /* YKHorse.h */,
				7496EBEA20595B1900836409 /* YKHorse.m */,
				7496EBEC20595B6800836409 /* YKBird.h */,
				7496EBED20595B6800836409 /* YKBird.m */,
			);
			path = Animals;
			sourceTree = "<group>";
		};
		74AD753F2044613D00708BC2 /* Properties1 */ = {
			isa = PBXGroup;
			children = (
				74AD75402044619B00708BC2 /* YKBoxer.h */,
				74AD75412044619B00708BC2 /* YKBoxer.m */,
			);
			path = Properties1;
			sourceTree = "<group>";
		};
/* End PBXGroup section */

/* Begin PBXNativeTarget section */
		4573DFB2200E184C000B24CD /* Scooter2018 */ = {
			isa = PBXNativeTarget;
			buildConfigurationList = 4573DFDF200E184C000B24CD /* Build configuration list for PBXNativeTarget "Scooter2018" */;
			buildPhases = (
				4573DFAF200E184C000B24CD /* Sources */,
				4573DFB0200E184C000B24CD /* Frameworks */,
				4573DFB1200E184C000B24CD /* Resources */,
			);
			buildRules = (
			);
			dependencies = (
			);
			name = Scooter2018;
			productName = Scooter2018;
			productReference = 4573DFB3200E184C000B24CD /* Scooter2018.app */;
			productType = "com.apple.product-type.application";
		};
		4573DFCA200E184C000B24CD /* Scooter2018Tests */ = {
			isa = PBXNativeTarget;
			buildConfigurationList = 4573DFE2200E184C000B24CD /* Build configuration list for PBXNativeTarget "Scooter2018Tests" */;
			buildPhases = (
				4573DFC7200E184C000B24CD /* Sources */,
				4573DFC8200E184C000B24CD /* Frameworks */,
				4573DFC9200E184C000B24CD /* Resources */,
			);
			buildRules = (
			);
			dependencies = (
				4573DFCD200E184C000B24CD /* PBXTargetDependency */,
			);
			name = Scooter2018Tests;
			productName = Scooter2018Tests;
			productReference = 4573DFCB200E184C000B24CD /* Scooter2018Tests.xctest */;
			productType = "com.apple.product-type.bundle.unit-test";
		};
		4573DFD5200E184C000B24CD /* Scooter2018UITests */ = {
			isa = PBXNativeTarget;
			buildConfigurationList = 4573DFE5200E184C000B24CD /* Build configuration list for PBXNativeTarget "Scooter2018UITests" */;
			buildPhases = (
				4573DFD2200E184C000B24CD /* Sources */,
				4573DFD3200E184C000B24CD /* Frameworks */,
				4573DFD4200E184C000B24CD /* Resources */,
			);
			buildRules = (
			);
			dependencies = (
				4573DFD8200E184C000B24CD /* PBXTargetDependency */,
			);
			name = Scooter2018UITests;
			productName = Scooter2018UITests;
			productReference = 4573DFD6200E184C000B24CD /* Scooter2018UITests.xctest */;
			productType = "com.apple.product-type.bundle.ui-testing";
		};
/* End PBXNativeTarget section */

/* Begin PBXProject section */
		4573DFAB200E184C000B24CD /* Project object */ = {
			isa = PBXProject;
			attributes = {
				LastUpgradeCheck = 0920;
				ORGANIZATIONNAME = "Yegor Kozlovskiy";
				TargetAttributes = {
					4573DFB2200E184C000B24CD = {
						CreatedOnToolsVersion = 9.2;
						ProvisioningStyle = Automatic;
					};
					4573DFCA200E184C000B24CD = {
						CreatedOnToolsVersion = 9.2;
						ProvisioningStyle = Automatic;
						TestTargetID = 4573DFB2200E184C000B24CD;
					};
					4573DFD5200E184C000B24CD = {
						CreatedOnToolsVersion = 9.2;
						ProvisioningStyle = Automatic;
						TestTargetID = 4573DFB2200E184C000B24CD;
					};
				};
			};
			buildConfigurationList = 4573DFAE200E184C000B24CD /* Build configuration list for PBXProject "Scooter2018" */;
			compatibilityVersion = "Xcode 8.0";
			developmentRegion = en;
			hasScannedForEncodings = 0;
			knownRegions = (
				en,
				Base,
			);
			mainGroup = 4573DFAA200E184C000B24CD;
			productRefGroup = 4573DFB4200E184C000B24CD /* Products */;
			projectDirPath = "";
			projectRoot = "";
			targets = (
				4573DFB2200E184C000B24CD /* Scooter2018 */,
				4573DFCA200E184C000B24CD /* Scooter2018Tests */,
				4573DFD5200E184C000B24CD /* Scooter2018UITests */,
			);
		};
/* End PBXProject section */

/* Begin PBXResourcesBuildPhase section */
		4573DFB1200E184C000B24CD /* Resources */ = {
			isa = PBXResourcesBuildPhase;
			buildActionMask = 2147483647;
			files = (
				4573DFC3200E184C000B24CD /* LaunchScreen.storyboard in Resources */,
				4573DFC0200E184C000B24CD /* Assets.xcassets in Resources */,
				4573DFBE200E184C000B24CD /* Main.storyboard in Resources */,
			);
			runOnlyForDeploymentPostprocessing = 0;
		};
		4573DFC9200E184C000B24CD /* Resources */ = {
			isa = PBXResourcesBuildPhase;
			buildActionMask = 2147483647;
			files = (
			);
			runOnlyForDeploymentPostprocessing = 0;
		};
		4573DFD4200E184C000B24CD /* Resources */ = {
			isa = PBXResourcesBuildPhase;
			buildActionMask = 2147483647;
			files = (
			);
			runOnlyForDeploymentPostprocessing = 0;
		};
/* End PBXResourcesBuildPhase section */

/* Begin PBXSourcesBuildPhase section */
		4573DFAF200E184C000B24CD /* Sources */ = {
			isa = PBXSourcesBuildPhase;
			buildActionMask = 2147483647;
			files = (
				748E170C2073C29D00AC5BC0 /* YKStudent.m in Sources */,
				7496EBEE20595B6800836409 /* YKBird.m in Sources */,
				7496EBDE205930AD00836409 /* YKSwimmer.m in Sources */,
				74CB73F520E39F6B0040758B /* YKKangaroo.m in Sources */,
				7455F4702046D8EA00135482 /* YKObject.m in Sources */,
				74CB73F820E39F990040758B /* YKFish7.m in Sources */,
				7496EBDB2059309900836409 /* YKRunner.m in Sources */,
				4573DFBB200E184C000B24CD /* ViewController.m in Sources */,
				74CB73EF20E39D1C0040758B /* YKSwimmer7.m in Sources */,
				4573DFC6200E184C000B24CD /* main.m in Sources */,
				7405F8C920BEA3A1001C1EB8 /* YKHomeWork7.m in Sources */,
				7496EBE12059404300836409 /* YKDriver.m in Sources */,
				7496EBE820595A9600836409 /* YKDog.m in Sources */,
				7455F46C2046D4A200135482 /* YKTest.m in Sources */,
				74CB73FB20E39FD80040758B /* YKPuma7.m in Sources */,
				7496EBE52059574300836409 /* YKAnimal.m in Sources */,
				7462E1F420DD12BC00E10BF6 /* YKLazyman.m in Sources */,
				7405F8AC20B5AF04001C1EB8 /* YKStudent7.m in Sources */,
				74AD75422044619B00708BC2 /* YKBoxer.m in Sources */,
				7493A76C20875D5A005C3EFE /* YKCar.m in Sources */,
				7496EBD420592B6700836409 /* YKHuman.m in Sources */,
				74BB7D492088B86800921DBC /* YKCarDriver.m in Sources */,
				74FC246A2041C83C00C0BF91 /* YKChildClass.m in Sources */,
				7493A76520875C04005C3EFE /* YKHomeWork6.m in Sources */,
				4573DFEB200E68BA000B24CD /* YKParentClass.m in Sources */,
				7405F8B220B5B04C001C1EB8 /* YKDeveloper7.m in Sources */,
				7496EBD82059307300836409 /* YKBicyclist.m in Sources */,
				4573DFB8200E184C000B24CD /* AppDelegate.m in Sources */,
				7496EBEB20595B1900836409 /* YKHorse.m in Sources */,
				74CB73EC20E39D050040758B /* YKJumper7.m in Sources */,
				7462E1F120DD129400E10BF6 /* YKSportsman.m in Sources */,
				7496EBD0205928E500836409 /* YKHomeWork.m in Sources */,
				74CB73F220E39D310040758B /* YKRunner7.m in Sources */,
				745CBCEA20582E3000F35D2B /* YKArrChild.m in Sources */,
				7405F8AF20B5AF97001C1EB8 /* YKDancer7.m in Sources */,
				745CBCE72058249600F35D2B /* YKArrayObject.m in Sources */,
			);
			runOnlyForDeploymentPostprocessing = 0;
		};
		4573DFC7200E184C000B24CD /* Sources */ = {
			isa = PBXSourcesBuildPhase;
			buildActionMask = 2147483647;
			files = (
				4573DFD0200E184C000B24CD /* Scooter2018Tests.m in Sources */,
			);
			runOnlyForDeploymentPostprocessing = 0;
		};
		4573DFD2200E184C000B24CD /* Sources */ = {
			isa = PBXSourcesBuildPhase;
			buildActionMask = 2147483647;
			files = (
				4573DFDB200E184C000B24CD /* Scooter2018UITests.m in Sources */,
			);
			runOnlyForDeploymentPostprocessing = 0;
		};
/* End PBXSourcesBuildPhase section */

/* Begin PBXTargetDependency section */
		4573DFCD200E184C000B24CD /* PBXTargetDependency */ = {
			isa = PBXTargetDependency;
			target = 4573DFB2200E184C000B24CD /* Scooter2018 */;
			targetProxy = 4573DFCC200E184C000B24CD /* PBXContainerItemProxy */;
		};
		4573DFD8200E184C000B24CD /* PBXTargetDependency */ = {
			isa = PBXTargetDependency;
			target = 4573DFB2200E184C000B24CD /* Scooter2018 */;
			targetProxy = 4573DFD7200E184C000B24CD /* PBXContainerItemProxy */;
		};
/* End PBXTargetDependency section */

/* Begin PBXVariantGroup section */
		4573DFBC200E184C000B24CD /* Main.storyboard */ = {
			isa = PBXVariantGroup;
			children = (
				4573DFBD200E184C000B24CD /* Base */,
			);
			name = Main.storyboard;
			sourceTree = "<group>";
		};
		4573DFC1200E184C000B24CD /* LaunchScreen.storyboard */ = {
			isa = PBXVariantGroup;
			children = (
				4573DFC2200E184C000B24CD /* Base */,
			);
			name = LaunchScreen.storyboard;
			sourceTree = "<group>";
		};
/* End PBXVariantGroup section */

/* Begin XCBuildConfiguration section */
		4573DFDD200E184C000B24CD /* Debug */ = {
			isa = XCBuildConfiguration;
			buildSettings = {
				ALWAYS_SEARCH_USER_PATHS = NO;
				CLANG_ANALYZER_NONNULL = YES;
				CLANG_ANALYZER_NUMBER_OBJECT_CONVERSION = YES_AGGRESSIVE;
				CLANG_CXX_LANGUAGE_STANDARD = "gnu++14";
				CLANG_CXX_LIBRARY = "libc++";
				CLANG_ENABLE_MODULES = YES;
				CLANG_ENABLE_OBJC_ARC = YES;
				CLANG_WARN_BLOCK_CAPTURE_AUTORELEASING = YES;
				CLANG_WARN_BOOL_CONVERSION = YES;
				CLANG_WARN_COMMA = YES;
				CLANG_WARN_CONSTANT_CONVERSION = YES;
				CLANG_WARN_DIRECT_OBJC_ISA_USAGE = YES_ERROR;
				CLANG_WARN_DOCUMENTATION_COMMENTS = YES;
				CLANG_WARN_EMPTY_BODY = YES;
				CLANG_WARN_ENUM_CONVERSION = YES;
				CLANG_WARN_INFINITE_RECURSION = YES;
				CLANG_WARN_INT_CONVERSION = YES;
				CLANG_WARN_NON_LITERAL_NULL_CONVERSION = YES;
				CLANG_WARN_OBJC_LITERAL_CONVERSION = YES;
				CLANG_WARN_OBJC_ROOT_CLASS = YES_ERROR;
				CLANG_WARN_RANGE_LOOP_ANALYSIS = YES;
				CLANG_WARN_STRICT_PROTOTYPES = YES;
				CLANG_WARN_SUSPICIOUS_MOVE = YES;
				CLANG_WARN_UNGUARDED_AVAILABILITY = YES_AGGRESSIVE;
				CLANG_WARN_UNREACHABLE_CODE = YES;
				CLANG_WARN__DUPLICATE_METHOD_MATCH = YES;
				CODE_SIGN_IDENTITY = "iPhone Developer";
				COPY_PHASE_STRIP = NO;
				DEBUG_INFORMATION_FORMAT = dwarf;
				ENABLE_STRICT_OBJC_MSGSEND = YES;
				ENABLE_TESTABILITY = YES;
				GCC_C_LANGUAGE_STANDARD = gnu11;
				GCC_DYNAMIC_NO_PIC = NO;
				GCC_NO_COMMON_BLOCKS = YES;
				GCC_OPTIMIZATION_LEVEL = 0;
				GCC_PREPROCESSOR_DEFINITIONS = (
					"DEBUG=1",
					"$(inherited)",
				);
				GCC_WARN_64_TO_32_BIT_CONVERSION = YES;
				GCC_WARN_ABOUT_RETURN_TYPE = YES_ERROR;
				GCC_WARN_UNDECLARED_SELECTOR = YES;
				GCC_WARN_UNINITIALIZED_AUTOS = YES_AGGRESSIVE;
				GCC_WARN_UNUSED_FUNCTION = YES;
				GCC_WARN_UNUSED_VARIABLE = YES;
				IPHONEOS_DEPLOYMENT_TARGET = 11.2;
				MTL_ENABLE_DEBUG_INFO = YES;
				ONLY_ACTIVE_ARCH = YES;
				SDKROOT = iphoneos;
			};
			name = Debug;
		};
		4573DFDE200E184C000B24CD /* Release */ = {
			isa = XCBuildConfiguration;
			buildSettings = {
				ALWAYS_SEARCH_USER_PATHS = NO;
				CLANG_ANALYZER_NONNULL = YES;
				CLANG_ANALYZER_NUMBER_OBJECT_CONVERSION = YES_AGGRESSIVE;
				CLANG_CXX_LANGUAGE_STANDARD = "gnu++14";
				CLANG_CXX_LIBRARY = "libc++";
				CLANG_ENABLE_MODULES = YES;
				CLANG_ENABLE_OBJC_ARC = YES;
				CLANG_WARN_BLOCK_CAPTURE_AUTORELEASING = YES;
				CLANG_WARN_BOOL_CONVERSION = YES;
				CLANG_WARN_COMMA = YES;
				CLANG_WARN_CONSTANT_CONVERSION = YES;
				CLANG_WARN_DIRECT_OBJC_ISA_USAGE = YES_ERROR;
				CLANG_WARN_DOCUMENTATION_COMMENTS = YES;
				CLANG_WARN_EMPTY_BODY = YES;
				CLANG_WARN_ENUM_CONVERSION = YES;
				CLANG_WARN_INFINITE_RECURSION = YES;
				CLANG_WARN_INT_CONVERSION = YES;
				CLANG_WARN_NON_LITERAL_NULL_CONVERSION = YES;
				CLANG_WARN_OBJC_LITERAL_CONVERSION = YES;
				CLANG_WARN_OBJC_ROOT_CLASS = YES_ERROR;
				CLANG_WARN_RANGE_LOOP_ANALYSIS = YES;
				CLANG_WARN_STRICT_PROTOTYPES = YES;
				CLANG_WARN_SUSPICIOUS_MOVE = YES;
				CLANG_WARN_UNGUARDED_AVAILABILITY = YES_AGGRESSIVE;
				CLANG_WARN_UNREACHABLE_CODE = YES;
				CLANG_WARN__DUPLICATE_METHOD_MATCH = YES;
				CODE_SIGN_IDENTITY = "iPhone Developer";
				COPY_PHASE_STRIP = NO;
				DEBUG_INFORMATION_FORMAT = "dwarf-with-dsym";
				ENABLE_NS_ASSERTIONS = NO;
				ENABLE_STRICT_OBJC_MSGSEND = YES;
				GCC_C_LANGUAGE_STANDARD = gnu11;
				GCC_NO_COMMON_BLOCKS = YES;
				GCC_WARN_64_TO_32_BIT_CONVERSION = YES;
				GCC_WARN_ABOUT_RETURN_TYPE = YES_ERROR;
				GCC_WARN_UNDECLARED_SELECTOR = YES;
				GCC_WARN_UNINITIALIZED_AUTOS = YES_AGGRESSIVE;
				GCC_WARN_UNUSED_FUNCTION = YES;
				GCC_WARN_UNUSED_VARIABLE = YES;
				IPHONEOS_DEPLOYMENT_TARGET = 11.2;
				MTL_ENABLE_DEBUG_INFO = NO;
				SDKROOT = iphoneos;
				VALIDATE_PRODUCT = YES;
			};
			name = Release;
		};
		4573DFE0200E184C000B24CD /* Debug */ = {
			isa = XCBuildConfiguration;
			buildSettings = {
				ASSETCATALOG_COMPILER_APPICON_NAME = AppIcon;
				CODE_SIGN_STYLE = Automatic;
				INFOPLIST_FILE = Scooter2018/Info.plist;
				LD_RUNPATH_SEARCH_PATHS = "$(inherited) @executable_path/Frameworks";
				PRODUCT_BUNDLE_IDENTIFIER = YK.Scooter2018;
				PRODUCT_NAME = "$(TARGET_NAME)";
				TARGETED_DEVICE_FAMILY = "1,2";
			};
			name = Debug;
		};
		4573DFE1200E184C000B24CD /* Release */ = {
			isa = XCBuildConfiguration;
			buildSettings = {
				ASSETCATALOG_COMPILER_APPICON_NAME = AppIcon;
				CODE_SIGN_STYLE = Automatic;
				INFOPLIST_FILE = Scooter2018/Info.plist;
				LD_RUNPATH_SEARCH_PATHS = "$(inherited) @executable_path/Frameworks";
				PRODUCT_BUNDLE_IDENTIFIER = YK.Scooter2018;
				PRODUCT_NAME = "$(TARGET_NAME)";
				TARGETED_DEVICE_FAMILY = "1,2";
			};
			name = Release;
		};
		4573DFE3200E184C000B24CD /* Debug */ = {
			isa = XCBuildConfiguration;
			buildSettings = {
				BUNDLE_LOADER = "$(TEST_HOST)";
				CODE_SIGN_STYLE = Automatic;
				INFOPLIST_FILE = Scooter2018Tests/Info.plist;
				LD_RUNPATH_SEARCH_PATHS = "$(inherited) @executable_path/Frameworks @loader_path/Frameworks";
				PRODUCT_BUNDLE_IDENTIFIER = YK.Scooter2018Tests;
				PRODUCT_NAME = "$(TARGET_NAME)";
				TARGETED_DEVICE_FAMILY = "1,2";
				TEST_HOST = "$(BUILT_PRODUCTS_DIR)/Scooter2018.app/Scooter2018";
			};
			name = Debug;
		};
		4573DFE4200E184C000B24CD /* Release */ = {
			isa = XCBuildConfiguration;
			buildSettings = {
				BUNDLE_LOADER = "$(TEST_HOST)";
				CODE_SIGN_STYLE = Automatic;
				INFOPLIST_FILE = Scooter2018Tests/Info.plist;
				LD_RUNPATH_SEARCH_PATHS = "$(inherited) @executable_path/Frameworks @loader_path/Frameworks";
				PRODUCT_BUNDLE_IDENTIFIER = YK.Scooter2018Tests;
				PRODUCT_NAME = "$(TARGET_NAME)";
				TARGETED_DEVICE_FAMILY = "1,2";
				TEST_HOST = "$(BUILT_PRODUCTS_DIR)/Scooter2018.app/Scooter2018";
			};
			name = Release;
		};
		4573DFE6200E184C000B24CD /* Debug */ = {
			isa = XCBuildConfiguration;
			buildSettings = {
				CODE_SIGN_STYLE = Automatic;
				INFOPLIST_FILE = Scooter2018UITests/Info.plist;
				LD_RUNPATH_SEARCH_PATHS = "$(inherited) @executable_path/Frameworks @loader_path/Frameworks";
				PRODUCT_BUNDLE_IDENTIFIER = YK.Scooter2018UITests;
				PRODUCT_NAME = "$(TARGET_NAME)";
				TARGETED_DEVICE_FAMILY = "1,2";
				TEST_TARGET_NAME = Scooter2018;
			};
			name = Debug;
		};
		4573DFE7200E184C000B24CD /* Release */ = {
			isa = XCBuildConfiguration;
			buildSettings = {
				CODE_SIGN_STYLE = Automatic;
				INFOPLIST_FILE = Scooter2018UITests/Info.plist;
				LD_RUNPATH_SEARCH_PATHS = "$(inherited) @executable_path/Frameworks @loader_path/Frameworks";
				PRODUCT_BUNDLE_IDENTIFIER = YK.Scooter2018UITests;
				PRODUCT_NAME = "$(TARGET_NAME)";
				TARGETED_DEVICE_FAMILY = "1,2";
				TEST_TARGET_NAME = Scooter2018;
			};
			name = Release;
		};
/* End XCBuildConfiguration section */

/* Begin XCConfigurationList section */
		4573DFAE200E184C000B24CD /* Build configuration list for PBXProject "Scooter2018" */ = {
			isa = XCConfigurationList;
			buildConfigurations = (
				4573DFDD200E184C000B24CD /* Debug */,
				4573DFDE200E184C000B24CD /* Release */,
			);
			defaultConfigurationIsVisible = 0;
			defaultConfigurationName = Release;
		};
		4573DFDF200E184C000B24CD /* Build configuration list for PBXNativeTarget "Scooter2018" */ = {
			isa = XCConfigurationList;
			buildConfigurations = (
				4573DFE0200E184C000B24CD /* Debug */,
				4573DFE1200E184C000B24CD /* Release */,
			);
			defaultConfigurationIsVisible = 0;
			defaultConfigurationName = Release;
		};
		4573DFE2200E184C000B24CD /* Build configuration list for PBXNativeTarget "Scooter2018Tests" */ = {
			isa = XCConfigurationList;
			buildConfigurations = (
				4573DFE3200E184C000B24CD /* Debug */,
				4573DFE4200E184C000B24CD /* Release */,
			);
			defaultConfigurationIsVisible = 0;
			defaultConfigurationName = Release;
		};
		4573DFE5200E184C000B24CD /* Build configuration list for PBXNativeTarget "Scooter2018UITests" */ = {
			isa = XCConfigurationList;
			buildConfigurations = (
				4573DFE6200E184C000B24CD /* Debug */,
				4573DFE7200E184C000B24CD /* Release */,
			);
			defaultConfigurationIsVisible = 0;
			defaultConfigurationName = Release;
		};
/* End XCConfigurationList section */
	};
	rootObject = 4573DFAB200E184C000B24CD /* Project object */;
}
