// !$*UTF8*$!
{
	archiveVersion = 1;
	classes = {
	};
	objectVersion = 50;
	objects = {

/* Begin PBXBuildFile section */
		74305C72211F70DB006DA341 /* AppDelegate.m in Sources */ = {isa = PBXBuildFile; fileRef = 74305C71211F70DB006DA341 /* AppDelegate.m */; };
		74305C75211F70DB006DA341 /* ViewController.m in Sources */ = {isa = PBXBuildFile; fileRef = 74305C74211F70DB006DA341 /* ViewController.m */; };
		74305C78211F70DB006DA341 /* Main.storyboard in Resources */ = {isa = PBXBuildFile; fileRef = 74305C76211F70DB006DA341 /* Main.storyboard */; };
		74305C7A211F70E1006DA341 /* Assets.xcassets in Resources */ = {isa = PBXBuildFile; fileRef = 74305C79211F70E1006DA341 /* Assets.xcassets */; };
		74305C7D211F70E1006DA341 /* LaunchScreen.storyboard in Resources */ = {isa = PBXBuildFile; fileRef = 74305C7B211F70E1006DA341 /* LaunchScreen.storyboard */; };
		74305C80211F70E1006DA341 /* main.m in Sources */ = {isa = PBXBuildFile; fileRef = 74305C7F211F70E1006DA341 /* main.m */; };
		74305C8A211F70E2006DA341 /* _NSDictionatyScooter2018UITests.m in Sources */ = {isa = PBXBuildFile; fileRef = 74305C89211F70E2006DA341 /* _NSDictionatyScooter2018UITests.m */; };
		7465DE8E219AE7BE0001243B /* YKBlockObject.m in Sources */ = {isa = PBXBuildFile; fileRef = 7465DE8D219AE7BE0001243B /* YKBlockObject.m */; };
		7465DE9221A438590001243B /* YKBlocksHW.m in Sources */ = {isa = PBXBuildFile; fileRef = 7465DE9121A438590001243B /* YKBlocksHW.m */; };
		7465DE9521A5915B0001243B /* YKStudentHW12.m in Sources */ = {isa = PBXBuildFile; fileRef = 7465DE9421A5915B0001243B /* YKStudentHW12.m */; };
		7465DE9E21B55FD20001243B /* YKPatient12HW.m in Sources */ = {isa = PBXBuildFile; fileRef = 7465DE9D21B55FD20001243B /* YKPatient12HW.m */; };
		74D21110217792F100E49D1F /* YKBusinessman10hw.m in Sources */ = {isa = PBXBuildFile; fileRef = 74D2110F217792F100E49D1F /* YKBusinessman10hw.m */; };
		74D211132177932000E49D1F /* YKPensioner10hw.m in Sources */ = {isa = PBXBuildFile; fileRef = 74D211122177932000E49D1F /* YKPensioner10hw.m */; };
		74D2111821831A2300E49D1F /* YKSelectorsTest11.m in Sources */ = {isa = PBXBuildFile; fileRef = 74D2111721831A2300E49D1F /* YKSelectorsTest11.m */; };
		74D2111B21831D8A00E49D1F /* YKObjectTest11.m in Sources */ = {isa = PBXBuildFile; fileRef = 74D2111A21831D8A00E49D1F /* YKObjectTest11.m */; };
		74D2112521886EC500E49D1F /* YKBlocksTests.m in Sources */ = {isa = PBXBuildFile; fileRef = 74D2112421886EC500E49D1F /* YKBlocksTests.m */; };
		74FBD47F2123372500B4B28B /* NSDictionaryTests.m in Sources */ = {isa = PBXBuildFile; fileRef = 74FBD47E2123372500B4B28B /* NSDictionaryTests.m */; };
		74FBD48A21234E9E00B4B28B /* YKStudent.m in Sources */ = {isa = PBXBuildFile; fileRef = 74FBD48921234E9E00B4B28B /* YKStudent.m */; };
		74FBD48D2123513C00B4B28B /* YK8HomeWork.m in Sources */ = {isa = PBXBuildFile; fileRef = 74FBD48C2123513C00B4B28B /* YK8HomeWork.m */; };
		74FBD491212703B300B4B28B /* YK9DelegatesTests.m in Sources */ = {isa = PBXBuildFile; fileRef = 74FBD490212703B300B4B28B /* YK9DelegatesTests.m */; };
		74FBD4942127073900B4B28B /* YK9Patient.m in Sources */ = {isa = PBXBuildFile; fileRef = 74FBD4932127073900B4B28B /* YK9Patient.m */; };
		74FBD49721270B2E00B4B28B /* YK9Doctor.m in Sources */ = {isa = PBXBuildFile; fileRef = 74FBD49621270B2E00B4B28B /* YK9Doctor.m */; };
		74FBD49B212AD1D100B4B28B /* YK9DelegatesHomeWork.m in Sources */ = {isa = PBXBuildFile; fileRef = 74FBD49A212AD1D100B4B28B /* YK9DelegatesHomeWork.m */; };
		74FBD49E212AF3C200B4B28B /* YK9PatientHW.m in Sources */ = {isa = PBXBuildFile; fileRef = 74FBD49D212AF3C200B4B28B /* YK9PatientHW.m */; };
		74FBD4A1212AF3D900B4B28B /* YK9DoctorHW.m in Sources */ = {isa = PBXBuildFile; fileRef = 74FBD4A0212AF3D900B4B28B /* YK9DoctorHW.m */; };
		74FBD4B7212BF64100B4B28B /* YK9FriendHW.m in Sources */ = {isa = PBXBuildFile; fileRef = 74FBD4B6212BF64100B4B28B /* YK9FriendHW.m */; };
		74FBD4BE214FA2E600B4B28B /* YKGovernment.m in Sources */ = {isa = PBXBuildFile; fileRef = 74FBD4BD214FA2E600B4B28B /* YKGovernment.m */; };
		74FBD4C1214FA37C00B4B28B /* YKNotificationTest10.m in Sources */ = {isa = PBXBuildFile; fileRef = 74FBD4C0214FA37C00B4B28B /* YKNotificationTest10.m */; };
		74FBD4C4215A340700B4B28B /* YKDoctor10.m in Sources */ = {isa = PBXBuildFile; fileRef = 74FBD4C3215A340600B4B28B /* YKDoctor10.m */; };
/* End PBXBuildFile section */

/* Begin PBXContainerItemProxy section */
		74305C86211F70E2006DA341 /* PBXContainerItemProxy */ = {
			isa = PBXContainerItemProxy;
			containerPortal = 74305C65211F70DB006DA341 /* Project object */;
			proxyType = 1;
			remoteGlobalIDString = 74305C6C211F70DB006DA341;
			remoteInfo = 8NSDictionatyScooter2018;
		};
/* End PBXContainerItemProxy section */

/* Begin PBXFileReference section */
		74305C6D211F70DB006DA341 /* 8NSDictionatyScooter2018.app */ = {isa = PBXFileReference; explicitFileType = wrapper.application; includeInIndex = 0; path = 8NSDictionatyScooter2018.app; sourceTree = BUILT_PRODUCTS_DIR; };
		74305C70211F70DB006DA341 /* AppDelegate.h */ = {isa = PBXFileReference; lastKnownFileType = sourcecode.c.h; path = AppDelegate.h; sourceTree = "<group>"; };
		74305C71211F70DB006DA341 /* AppDelegate.m */ = {isa = PBXFileReference; lastKnownFileType = sourcecode.c.objc; path = AppDelegate.m; sourceTree = "<group>"; };
		74305C73211F70DB006DA341 /* ViewController.h */ = {isa = PBXFileReference; lastKnownFileType = sourcecode.c.h; path = ViewController.h; sourceTree = "<group>"; };
		74305C74211F70DB006DA341 /* ViewController.m */ = {isa = PBXFileReference; lastKnownFileType = sourcecode.c.objc; path = ViewController.m; sourceTree = "<group>"; };
		74305C77211F70DB006DA341 /* Base */ = {isa = PBXFileReference; lastKnownFileType = file.storyboard; name = Base; path = Base.lproj/Main.storyboard; sourceTree = "<group>"; };
		74305C79211F70E1006DA341 /* Assets.xcassets */ = {isa = PBXFileReference; lastKnownFileType = folder.assetcatalog; path = Assets.xcassets; sourceTree = "<group>"; };
		74305C7C211F70E1006DA341 /* Base */ = {isa = PBXFileReference; lastKnownFileType = file.storyboard; name = Base; path = Base.lproj/LaunchScreen.storyboard; sourceTree = "<group>"; };
		74305C7E211F70E1006DA341 /* Info.plist */ = {isa = PBXFileReference; lastKnownFileType = text.plist.xml; path = Info.plist; sourceTree = "<group>"; };
		74305C7F211F70E1006DA341 /* main.m */ = {isa = PBXFileReference; lastKnownFileType = sourcecode.c.objc; path = main.m; sourceTree = "<group>"; };
		74305C85211F70E2006DA341 /* 8NSDictionatyScooter2018UITests.xctest */ = {isa = PBXFileReference; explicitFileType = wrapper.cfbundle; includeInIndex = 0; path = 8NSDictionatyScooter2018UITests.xctest; sourceTree = BUILT_PRODUCTS_DIR; };
		74305C89211F70E2006DA341 /* _NSDictionatyScooter2018UITests.m */ = {isa = PBXFileReference; lastKnownFileType = sourcecode.c.objc; path = _NSDictionatyScooter2018UITests.m; sourceTree = "<group>"; };
		74305C8B211F70E2006DA341 /* Info.plist */ = {isa = PBXFileReference; lastKnownFileType = text.plist.xml; path = Info.plist; sourceTree = "<group>"; };
		7465DE8C219AE7BE0001243B /* YKBlockObject.h */ = {isa = PBXFileReference; lastKnownFileType = sourcecode.c.h; path = YKBlockObject.h; sourceTree = "<group>"; };
		7465DE8D219AE7BE0001243B /* YKBlockObject.m */ = {isa = PBXFileReference; lastKnownFileType = sourcecode.c.objc; path = YKBlockObject.m; sourceTree = "<group>"; };
		7465DE9021A438590001243B /* YKBlocksHW.h */ = {isa = PBXFileReference; lastKnownFileType = sourcecode.c.h; path = YKBlocksHW.h; sourceTree = "<group>"; };
		7465DE9121A438590001243B /* YKBlocksHW.m */ = {isa = PBXFileReference; lastKnownFileType = sourcecode.c.objc; path = YKBlocksHW.m; sourceTree = "<group>"; };
		7465DE9321A5915B0001243B /* YKStudentHW12.h */ = {isa = PBXFileReference; lastKnownFileType = sourcecode.c.h; path = YKStudentHW12.h; sourceTree = "<group>"; };
		7465DE9421A5915B0001243B /* YKStudentHW12.m */ = {isa = PBXFileReference; lastKnownFileType = sourcecode.c.objc; path = YKStudentHW12.m; sourceTree = "<group>"; };
		7465DE9C21B55FD20001243B /* YKPatient12HW.h */ = {isa = PBXFileReference; lastKnownFileType = sourcecode.c.h; path = YKPatient12HW.h; sourceTree = "<group>"; };
		7465DE9D21B55FD20001243B /* YKPatient12HW.m */ = {isa = PBXFileReference; lastKnownFileType = sourcecode.c.objc; path = YKPatient12HW.m; sourceTree = "<group>"; };
		74D2110E217792F100E49D1F /* YKBusinessman10hw.h */ = {isa = PBXFileReference; lastKnownFileType = sourcecode.c.h; path = YKBusinessman10hw.h; sourceTree = "<group>"; };
		74D2110F217792F100E49D1F /* YKBusinessman10hw.m */ = {isa = PBXFileReference; lastKnownFileType = sourcecode.c.objc; path = YKBusinessman10hw.m; sourceTree = "<group>"; };
		74D211112177932000E49D1F /* YKPensioner10hw.h */ = {isa = PBXFileReference; lastKnownFileType = sourcecode.c.h; path = YKPensioner10hw.h; sourceTree = "<group>"; };
		74D211122177932000E49D1F /* YKPensioner10hw.m */ = {isa = PBXFileReference; lastKnownFileType = sourcecode.c.objc; path = YKPensioner10hw.m; sourceTree = "<group>"; };
		74D2111621831A2300E49D1F /* YKSelectorsTest11.h */ = {isa = PBXFileReference; lastKnownFileType = sourcecode.c.h; path = YKSelectorsTest11.h; sourceTree = "<group>"; };
		74D2111721831A2300E49D1F /* YKSelectorsTest11.m */ = {isa = PBXFileReference; lastKnownFileType = sourcecode.c.objc; path = YKSelectorsTest11.m; sourceTree = "<group>"; };
		74D2111921831D8A00E49D1F /* YKObjectTest11.h */ = {isa = PBXFileReference; lastKnownFileType = sourcecode.c.h; path = YKObjectTest11.h; sourceTree = "<group>"; };
		74D2111A21831D8A00E49D1F /* YKObjectTest11.m */ = {isa = PBXFileReference; lastKnownFileType = sourcecode.c.objc; path = YKObjectTest11.m; sourceTree = "<group>"; };
		74D2112321886EC500E49D1F /* YKBlocksTests.h */ = {isa = PBXFileReference; lastKnownFileType = sourcecode.c.h; path = YKBlocksTests.h; sourceTree = "<group>"; };
		74D2112421886EC500E49D1F /* YKBlocksTests.m */ = {isa = PBXFileReference; lastKnownFileType = sourcecode.c.objc; path = YKBlocksTests.m; sourceTree = "<group>"; };
		74FBD47D2123372500B4B28B /* NSDictionaryTests.h */ = {isa = PBXFileReference; lastKnownFileType = sourcecode.c.h; path = NSDictionaryTests.h; sourceTree = "<group>"; };
		74FBD47E2123372500B4B28B /* NSDictionaryTests.m */ = {isa = PBXFileReference; lastKnownFileType = sourcecode.c.objc; path = NSDictionaryTests.m; sourceTree = "<group>"; };
		74FBD48821234E9E00B4B28B /* YKStudent.h */ = {isa = PBXFileReference; lastKnownFileType = sourcecode.c.h; path = YKStudent.h; sourceTree = "<group>"; };
		74FBD48921234E9E00B4B28B /* YKStudent.m */ = {isa = PBXFileReference; lastKnownFileType = sourcecode.c.objc; path = YKStudent.m; sourceTree = "<group>"; };
		74FBD48B2123513C00B4B28B /* YK8HomeWork.h */ = {isa = PBXFileReference; lastKnownFileType = sourcecode.c.h; path = YK8HomeWork.h; sourceTree = "<group>"; };
		74FBD48C2123513C00B4B28B /* YK8HomeWork.m */ = {isa = PBXFileReference; lastKnownFileType = sourcecode.c.objc; path = YK8HomeWork.m; sourceTree = "<group>"; };
		74FBD48F212703B300B4B28B /* YK9DelegatesTests.h */ = {isa = PBXFileReference; lastKnownFileType = sourcecode.c.h; path = YK9DelegatesTests.h; sourceTree = "<group>"; };
		74FBD490212703B300B4B28B /* YK9DelegatesTests.m */ = {isa = PBXFileReference; lastKnownFileType = sourcecode.c.objc; path = YK9DelegatesTests.m; sourceTree = "<group>"; };
		74FBD4922127073900B4B28B /* YK9Patient.h */ = {isa = PBXFileReference; lastKnownFileType = sourcecode.c.h; path = YK9Patient.h; sourceTree = "<group>"; };
		74FBD4932127073900B4B28B /* YK9Patient.m */ = {isa = PBXFileReference; lastKnownFileType = sourcecode.c.objc; path = YK9Patient.m; sourceTree = "<group>"; };
		74FBD49521270B2E00B4B28B /* YK9Doctor.h */ = {isa = PBXFileReference; lastKnownFileType = sourcecode.c.h; path = YK9Doctor.h; sourceTree = "<group>"; };
		74FBD49621270B2E00B4B28B /* YK9Doctor.m */ = {isa = PBXFileReference; lastKnownFileType = sourcecode.c.objc; path = YK9Doctor.m; sourceTree = "<group>"; };
		74FBD499212AD1D100B4B28B /* YK9DelegatesHomeWork.h */ = {isa = PBXFileReference; lastKnownFileType = sourcecode.c.h; path = YK9DelegatesHomeWork.h; sourceTree = "<group>"; };
		74FBD49A212AD1D100B4B28B /* YK9DelegatesHomeWork.m */ = {isa = PBXFileReference; lastKnownFileType = sourcecode.c.objc; path = YK9DelegatesHomeWork.m; sourceTree = "<group>"; };
		74FBD49C212AF3C200B4B28B /* YK9PatientHW.h */ = {isa = PBXFileReference; lastKnownFileType = sourcecode.c.h; path = YK9PatientHW.h; sourceTree = "<group>"; };
		74FBD49D212AF3C200B4B28B /* YK9PatientHW.m */ = {isa = PBXFileReference; lastKnownFileType = sourcecode.c.objc; path = YK9PatientHW.m; sourceTree = "<group>"; };
		74FBD49F212AF3D900B4B28B /* YK9DoctorHW.h */ = {isa = PBXFileReference; lastKnownFileType = sourcecode.c.h; path = YK9DoctorHW.h; sourceTree = "<group>"; };
		74FBD4A0212AF3D900B4B28B /* YK9DoctorHW.m */ = {isa = PBXFileReference; lastKnownFileType = sourcecode.c.objc; path = YK9DoctorHW.m; sourceTree = "<group>"; };
		74FBD4B5212BF64100B4B28B /* YK9FriendHW.h */ = {isa = PBXFileReference; lastKnownFileType = sourcecode.c.h; path = YK9FriendHW.h; sourceTree = "<group>"; };
		74FBD4B6212BF64100B4B28B /* YK9FriendHW.m */ = {isa = PBXFileReference; lastKnownFileType = sourcecode.c.objc; path = YK9FriendHW.m; sourceTree = "<group>"; };
		74FBD4BC214FA2E600B4B28B /* YKGovernment.h */ = {isa = PBXFileReference; lastKnownFileType = sourcecode.c.h; path = YKGovernment.h; sourceTree = "<group>"; };
		74FBD4BD214FA2E600B4B28B /* YKGovernment.m */ = {isa = PBXFileReference; lastKnownFileType = sourcecode.c.objc; path = YKGovernment.m; sourceTree = "<group>"; };
		74FBD4BF214FA37C00B4B28B /* YKNotificationTest10.h */ = {isa = PBXFileReference; lastKnownFileType = sourcecode.c.h; path = YKNotificationTest10.h; sourceTree = "<group>"; };
		74FBD4C0214FA37C00B4B28B /* YKNotificationTest10.m */ = {isa = PBXFileReference; lastKnownFileType = sourcecode.c.objc; path = YKNotificationTest10.m; sourceTree = "<group>"; };
		74FBD4C2215A340600B4B28B /* YKDoctor10.h */ = {isa = PBXFileReference; lastKnownFileType = sourcecode.c.h; path = YKDoctor10.h; sourceTree = "<group>"; };
		74FBD4C3215A340600B4B28B /* YKDoctor10.m */ = {isa = PBXFileReference; lastKnownFileType = sourcecode.c.objc; path = YKDoctor10.m; sourceTree = "<group>"; };
/* End PBXFileReference section */

/* Begin PBXFrameworksBuildPhase section */
		74305C6A211F70DB006DA341 /* Frameworks */ = {
			isa = PBXFrameworksBuildPhase;
			buildActionMask = 2147483647;
			files = (
			);
			runOnlyForDeploymentPostprocessing = 0;
		};
		74305C82211F70E2006DA341 /* Frameworks */ = {
			isa = PBXFrameworksBuildPhase;
			buildActionMask = 2147483647;
			files = (
			);
			runOnlyForDeploymentPostprocessing = 0;
		};
/* End PBXFrameworksBuildPhase section */

/* Begin PBXGroup section */
		74305C64211F70DB006DA341 = {
			isa = PBXGroup;
			children = (
				74305C6F211F70DB006DA341 /* 8NSDictionatyScooter2018 */,
				74305C88211F70E2006DA341 /* 8NSDictionatyScooter2018UITests */,
				74305C6E211F70DB006DA341 /* Products */,
			);
			sourceTree = "<group>";
		};
		74305C6E211F70DB006DA341 /* Products */ = {
			isa = PBXGroup;
			children = (
				74305C6D211F70DB006DA341 /* 8NSDictionatyScooter2018.app */,
				74305C85211F70E2006DA341 /* 8NSDictionatyScooter2018UITests.xctest */,
			);
			name = Products;
			sourceTree = "<group>";
		};
		74305C6F211F70DB006DA341 /* 8NSDictionatyScooter2018 */ = {
			isa = PBXGroup;
			children = (
				74FBD48021234ABA00B4B28B /* HomeWork */,
				74D2112221886E5800E49D1F /* 12 BlocksTests */,
				74D21114218319CC00E49D1F /* 11SelectorsTests */,
				74FBD4B8214F9C7A00B4B28B /* 10NotificationsTests */,
				74FBD48E2127036C00B4B28B /* 9DelegatesTests */,
				74FBD47C212336C300B4B28B /* 8NSDictionaryTests */,
				74305C70211F70DB006DA341 /* AppDelegate.h */,
				74305C71211F70DB006DA341 /* AppDelegate.m */,
				74305C73211F70DB006DA341 /* ViewController.h */,
				74305C74211F70DB006DA341 /* ViewController.m */,
				74305C76211F70DB006DA341 /* Main.storyboard */,
				74305C79211F70E1006DA341 /* Assets.xcassets */,
				74305C7B211F70E1006DA341 /* LaunchScreen.storyboard */,
				74305C7E211F70E1006DA341 /* Info.plist */,
				74305C7F211F70E1006DA341 /* main.m */,
			);
			path = 8NSDictionatyScooter2018;
			sourceTree = "<group>";
		};
		74305C88211F70E2006DA341 /* 8NSDictionatyScooter2018UITests */ = {
			isa = PBXGroup;
			children = (
				74305C89211F70E2006DA341 /* _NSDictionatyScooter2018UITests.m */,
				74305C8B211F70E2006DA341 /* Info.plist */,
			);
			path = 8NSDictionatyScooter2018UITests;
			sourceTree = "<group>";
		};
		7465DE8F21A438190001243B /* 12BlocksHomeWork */ = {
			isa = PBXGroup;
			children = (
				7465DE9021A438590001243B /* YKBlocksHW.h */,
				7465DE9121A438590001243B /* YKBlocksHW.m */,
				7465DE9321A5915B0001243B /* YKStudentHW12.h */,
				7465DE9421A5915B0001243B /* YKStudentHW12.m */,
				7465DE9C21B55FD20001243B /* YKPatient12HW.h */,
				7465DE9D21B55FD20001243B /* YKPatient12HW.m */,
			);
			path = 12BlocksHomeWork;
			sourceTree = "<group>";
		};
		74D2110D2177927D00E49D1F /* 10NotificationsHomeWork */ = {
			isa = PBXGroup;
			children = (
				74D2110E217792F100E49D1F /* YKBusinessman10hw.h */,
				74D2110F217792F100E49D1F /* YKBusinessman10hw.m */,
				74D211112177932000E49D1F /* YKPensioner10hw.h */,
				74D211122177932000E49D1F /* YKPensioner10hw.m */,
			);
			path = 10NotificationsHomeWork;
			sourceTree = "<group>";
		};
		74D21114218319CC00E49D1F /* 11SelectorsTests */ = {
			isa = PBXGroup;
			children = (
				74D2111621831A2300E49D1F /* YKSelectorsTest11.h */,
				74D2111721831A2300E49D1F /* YKSelectorsTest11.m */,
				74D2111921831D8A00E49D1F /* YKObjectTest11.h */,
				74D2111A21831D8A00E49D1F /* YKObjectTest11.m */,
			);
			path = 11SelectorsTests;
			sourceTree = "<group>";
		};
		74D2112221886E5800E49D1F /* 12 BlocksTests */ = {
			isa = PBXGroup;
			children = (
				74D2112321886EC500E49D1F /* YKBlocksTests.h */,
				74D2112421886EC500E49D1F /* YKBlocksTests.m */,
				7465DE8C219AE7BE0001243B /* YKBlockObject.h */,
				7465DE8D219AE7BE0001243B /* YKBlockObject.m */,
			);
			path = "12 BlocksTests";
			sourceTree = "<group>";
		};
		74FBD47C212336C300B4B28B /* 8NSDictionaryTests */ = {
			isa = PBXGroup;
			children = (
				74FBD47D2123372500B4B28B /* NSDictionaryTests.h */,
				74FBD47E2123372500B4B28B /* NSDictionaryTests.m */,
			);
			path = 8NSDictionaryTests;
			sourceTree = "<group>";
		};
		74FBD48021234ABA00B4B28B /* HomeWork */ = {
			isa = PBXGroup;
			children = (
				7465DE8F21A438190001243B /* 12BlocksHomeWork */,
				74D2110D2177927D00E49D1F /* 10NotificationsHomeWork */,
				74FBD498212AD19100B4B28B /* 9DelegatesHomeWork */,
				74FBD48121234AE100B4B28B /* 8NSDictionaryHW */,
			);
			path = HomeWork;
			sourceTree = "<group>";
		};
		74FBD48121234AE100B4B28B /* 8NSDictionaryHW */ = {
			isa = PBXGroup;
			children = (
				74FBD48821234E9E00B4B28B /* YKStudent.h */,
				74FBD48921234E9E00B4B28B /* YKStudent.m */,
				74FBD48B2123513C00B4B28B /* YK8HomeWork.h */,
				74FBD48C2123513C00B4B28B /* YK8HomeWork.m */,
			);
			path = 8NSDictionaryHW;
			sourceTree = "<group>";
		};
		74FBD48E2127036C00B4B28B /* 9DelegatesTests */ = {
			isa = PBXGroup;
			children = (
				74FBD48F212703B300B4B28B /* YK9DelegatesTests.h */,
				74FBD490212703B300B4B28B /* YK9DelegatesTests.m */,
				74FBD4922127073900B4B28B /* YK9Patient.h */,
				74FBD4932127073900B4B28B /* YK9Patient.m */,
				74FBD49521270B2E00B4B28B /* YK9Doctor.h */,
				74FBD49621270B2E00B4B28B /* YK9Doctor.m */,
			);
			path = 9DelegatesTests;
			sourceTree = "<group>";
		};
		74FBD498212AD19100B4B28B /* 9DelegatesHomeWork */ = {
			isa = PBXGroup;
			children = (
				74FBD499212AD1D100B4B28B /* YK9DelegatesHomeWork.h */,
				74FBD49A212AD1D100B4B28B /* YK9DelegatesHomeWork.m */,
				74FBD49C212AF3C200B4B28B /* YK9PatientHW.h */,
				74FBD49D212AF3C200B4B28B /* YK9PatientHW.m */,
				74FBD49F212AF3D900B4B28B /* YK9DoctorHW.h */,
				74FBD4A0212AF3D900B4B28B /* YK9DoctorHW.m */,
				74FBD4B5212BF64100B4B28B /* YK9FriendHW.h */,
				74FBD4B6212BF64100B4B28B /* YK9FriendHW.m */,
			);
			path = 9DelegatesHomeWork;
			sourceTree = "<group>";
		};
		74FBD4B8214F9C7A00B4B28B /* 10NotificationsTests */ = {
			isa = PBXGroup;
			children = (
				74FBD4BF214FA37C00B4B28B /* YKNotificationTest10.h */,
				74FBD4C0214FA37C00B4B28B /* YKNotificationTest10.m */,
				74FBD4BC214FA2E600B4B28B /* YKGovernment.h */,
				74FBD4BD214FA2E600B4B28B /* YKGovernment.m */,
				74FBD4C2215A340600B4B28B /* YKDoctor10.h */,
				74FBD4C3215A340600B4B28B /* YKDoctor10.m */,
			);
			path = 10NotificationsTests;
			sourceTree = "<group>";
		};
/* End PBXGroup section */

/* Begin PBXNativeTarget section */
		74305C6C211F70DB006DA341 /* 8NSDictionatyScooter2018 */ = {
			isa = PBXNativeTarget;
			buildConfigurationList = 74305C8E211F70E2006DA341 /* Build configuration list for PBXNativeTarget "8NSDictionatyScooter2018" */;
			buildPhases = (
				74305C69211F70DB006DA341 /* Sources */,
				74305C6A211F70DB006DA341 /* Frameworks */,
				74305C6B211F70DB006DA341 /* Resources */,
			);
			buildRules = (
			);
			dependencies = (
			);
			name = 8NSDictionatyScooter2018;
			productName = 8NSDictionatyScooter2018;
			productReference = 74305C6D211F70DB006DA341 /* 8NSDictionatyScooter2018.app */;
			productType = "com.apple.product-type.application";
		};
		74305C84211F70E2006DA341 /* 8NSDictionatyScooter2018UITests */ = {
			isa = PBXNativeTarget;
			buildConfigurationList = 74305C91211F70E2006DA341 /* Build configuration list for PBXNativeTarget "8NSDictionatyScooter2018UITests" */;
			buildPhases = (
				74305C81211F70E2006DA341 /* Sources */,
				74305C82211F70E2006DA341 /* Frameworks */,
				74305C83211F70E2006DA341 /* Resources */,
			);
			buildRules = (
			);
			dependencies = (
				74305C87211F70E2006DA341 /* PBXTargetDependency */,
			);
			name = 8NSDictionatyScooter2018UITests;
			productName = 8NSDictionatyScooter2018UITests;
			productReference = 74305C85211F70E2006DA341 /* 8NSDictionatyScooter2018UITests.xctest */;
			productType = "com.apple.product-type.bundle.ui-testing";
		};
/* End PBXNativeTarget section */

/* Begin PBXProject section */
		74305C65211F70DB006DA341 /* Project object */ = {
			isa = PBXProject;
			attributes = {
				LastUpgradeCheck = 0940;
				ORGANIZATIONNAME = "Egor Kozlovskiy";
				TargetAttributes = {
					74305C6C211F70DB006DA341 = {
						CreatedOnToolsVersion = 9.4.1;
					};
					74305C84211F70E2006DA341 = {
						CreatedOnToolsVersion = 9.4.1;
						TestTargetID = 74305C6C211F70DB006DA341;
					};
				};
			};
			buildConfigurationList = 74305C68211F70DB006DA341 /* Build configuration list for PBXProject "8NSDictionatyScooter2018" */;
			compatibilityVersion = "Xcode 9.3";
			developmentRegion = en;
			hasScannedForEncodings = 0;
			knownRegions = (
				en,
				Base,
			);
			mainGroup = 74305C64211F70DB006DA341;
			productRefGroup = 74305C6E211F70DB006DA341 /* Products */;
			projectDirPath = "";
			projectRoot = "";
			targets = (
				74305C6C211F70DB006DA341 /* 8NSDictionatyScooter2018 */,
				74305C84211F70E2006DA341 /* 8NSDictionatyScooter2018UITests */,
			);
		};
/* End PBXProject section */

/* Begin PBXResourcesBuildPhase section */
		74305C6B211F70DB006DA341 /* Resources */ = {
			isa = PBXResourcesBuildPhase;
			buildActionMask = 2147483647;
			files = (
				74305C7D211F70E1006DA341 /* LaunchScreen.storyboard in Resources */,
				74305C7A211F70E1006DA341 /* Assets.xcassets in Resources */,
				74305C78211F70DB006DA341 /* Main.storyboard in Resources */,
			);
			runOnlyForDeploymentPostprocessing = 0;
		};
		74305C83211F70E2006DA341 /* Resources */ = {
			isa = PBXResourcesBuildPhase;
			buildActionMask = 2147483647;
			files = (
			);
			runOnlyForDeploymentPostprocessing = 0;
		};
/* End PBXResourcesBuildPhase section */

/* Begin PBXSourcesBuildPhase section */
		74305C69211F70DB006DA341 /* Sources */ = {
			isa = PBXSourcesBuildPhase;
			buildActionMask = 2147483647;
			files = (
				74FBD4C1214FA37C00B4B28B /* YKNotificationTest10.m in Sources */,
				74FBD49B212AD1D100B4B28B /* YK9DelegatesHomeWork.m in Sources */,
				74FBD47F2123372500B4B28B /* NSDictionaryTests.m in Sources */,
				74FBD49721270B2E00B4B28B /* YK9Doctor.m in Sources */,
				74FBD4942127073900B4B28B /* YK9Patient.m in Sources */,
				74305C75211F70DB006DA341 /* ViewController.m in Sources */,
				74FBD48D2123513C00B4B28B /* YK8HomeWork.m in Sources */,
				7465DE9521A5915B0001243B /* YKStudentHW12.m in Sources */,
				74FBD4C4215A340700B4B28B /* YKDoctor10.m in Sources */,
				7465DE8E219AE7BE0001243B /* YKBlockObject.m in Sources */,
				74D2111B21831D8A00E49D1F /* YKObjectTest11.m in Sources */,
				74FBD49E212AF3C200B4B28B /* YK9PatientHW.m in Sources */,
				74D2111821831A2300E49D1F /* YKSelectorsTest11.m in Sources */,
				74FBD4B7212BF64100B4B28B /* YK9FriendHW.m in Sources */,
				74FBD4BE214FA2E600B4B28B /* YKGovernment.m in Sources */,
				74305C80211F70E1006DA341 /* main.m in Sources */,
				74FBD48A21234E9E00B4B28B /* YKStudent.m in Sources */,
				7465DE9221A438590001243B /* YKBlocksHW.m in Sources */,
				7465DE9E21B55FD20001243B /* YKPatient12HW.m in Sources */,
				74D2112521886EC500E49D1F /* YKBlocksTests.m in Sources */,
				74305C72211F70DB006DA341 /* AppDelegate.m in Sources */,
				74FBD491212703B300B4B28B /* YK9DelegatesTests.m in Sources */,
				74D21110217792F100E49D1F /* YKBusinessman10hw.m in Sources */,
				74FBD4A1212AF3D900B4B28B /* YK9DoctorHW.m in Sources */,
				74D211132177932000E49D1F /* YKPensioner10hw.m in Sources */,
			);
			runOnlyForDeploymentPostprocessing = 0;
		};
		74305C81211F70E2006DA341 /* Sources */ = {
			isa = PBXSourcesBuildPhase;
			buildActionMask = 2147483647;
			files = (
				74305C8A211F70E2006DA341 /* _NSDictionatyScooter2018UITests.m in Sources */,
			);
			runOnlyForDeploymentPostprocessing = 0;
		};
/* End PBXSourcesBuildPhase section */

/* Begin PBXTargetDependency section */
		74305C87211F70E2006DA341 /* PBXTargetDependency */ = {
			isa = PBXTargetDependency;
			target = 74305C6C211F70DB006DA341 /* 8NSDictionatyScooter2018 */;
			targetProxy = 74305C86211F70E2006DA341 /* PBXContainerItemProxy */;
		};
/* End PBXTargetDependency section */

/* Begin PBXVariantGroup section */
		74305C76211F70DB006DA341 /* Main.storyboard */ = {
			isa = PBXVariantGroup;
			children = (
				74305C77211F70DB006DA341 /* Base */,
			);
			name = Main.storyboard;
			sourceTree = "<group>";
		};
		74305C7B211F70E1006DA341 /* LaunchScreen.storyboard */ = {
			isa = PBXVariantGroup;
			children = (
				74305C7C211F70E1006DA341 /* Base */,
			);
			name = LaunchScreen.storyboard;
			sourceTree = "<group>";
		};
/* End PBXVariantGroup section */

/* Begin XCBuildConfiguration section */
		74305C8C211F70E2006DA341 /* Debug */ = {
			isa = XCBuildConfiguration;
			buildSettings = {
				ALWAYS_SEARCH_USER_PATHS = NO;
				CLANG_ANALYZER_NONNULL = YES;
				CLANG_ANALYZER_NUMBER_OBJECT_CONVERSION = YES_AGGRESSIVE;
				CLANG_CXX_LANGUAGE_STANDARD = "gnu++14";
				CLANG_CXX_LIBRARY = "libc++";
				CLANG_ENABLE_MODULES = YES;
				CLANG_ENABLE_OBJC_ARC = YES;
				CLANG_ENABLE_OBJC_WEAK = YES;
				CLANG_WARN_BLOCK_CAPTURE_AUTORELEASING = YES;
				CLANG_WARN_BOOL_CONVERSION = YES;
				CLANG_WARN_COMMA = YES;
				CLANG_WARN_CONSTANT_CONVERSION = YES;
				CLANG_WARN_DEPRECATED_OBJC_IMPLEMENTATIONS = YES;
				CLANG_WARN_DIRECT_OBJC_ISA_USAGE = YES_ERROR;
				CLANG_WARN_DOCUMENTATION_COMMENTS = YES;
				CLANG_WARN_EMPTY_BODY = YES;
				CLANG_WARN_ENUM_CONVERSION = YES;
				CLANG_WARN_INFINITE_RECURSION = YES;
				CLANG_WARN_INT_CONVERSION = YES;
				CLANG_WARN_NON_LITERAL_NULL_CONVERSION = YES;
				CLANG_WARN_OBJC_IMPLICIT_RETAIN_SELF = YES;
				CLANG_WARN_OBJC_LITERAL_CONVERSION = YES;
				CLANG_WARN_OBJC_ROOT_CLASS = YES_ERROR;
				CLANG_WARN_RANGE_LOOP_ANALYSIS = YES;
				CLANG_WARN_STRICT_PROTOTYPES = YES;
				CLANG_WARN_SUSPICIOUS_MOVE = YES;
				CLANG_WARN_UNGUARDED_AVAILABILITY = YES_AGGRESSIVE;
				CLANG_WARN_UNREACHABLE_CODE = YES;
				CLANG_WARN__DUPLICATE_METHOD_MATCH = YES;
				CODE_SIGN_IDENTITY = "iPhone Developer";
				COPY_PHASE_STRIP = NO;
				DEBUG_INFORMATION_FORMAT = dwarf;
				ENABLE_STRICT_OBJC_MSGSEND = YES;
				ENABLE_TESTABILITY = YES;
				GCC_C_LANGUAGE_STANDARD = gnu11;
				GCC_DYNAMIC_NO_PIC = NO;
				GCC_NO_COMMON_BLOCKS = YES;
				GCC_OPTIMIZATION_LEVEL = 0;
				GCC_PREPROCESSOR_DEFINITIONS = (
					"DEBUG=1",
					"$(inherited)",
				);
				GCC_WARN_64_TO_32_BIT_CONVERSION = YES;
				GCC_WARN_ABOUT_RETURN_TYPE = YES_ERROR;
				GCC_WARN_UNDECLARED_SELECTOR = YES;
				GCC_WARN_UNINITIALIZED_AUTOS = YES_AGGRESSIVE;
				GCC_WARN_UNUSED_FUNCTION = YES;
				GCC_WARN_UNUSED_VARIABLE = YES;
				IPHONEOS_DEPLOYMENT_TARGET = 11.4;
				MTL_ENABLE_DEBUG_INFO = YES;
				ONLY_ACTIVE_ARCH = YES;
				SDKROOT = iphoneos;
			};
			name = Debug;
		};
		74305C8D211F70E2006DA341 /* Release */ = {
			isa = XCBuildConfiguration;
			buildSettings = {
				ALWAYS_SEARCH_USER_PATHS = NO;
				CLANG_ANALYZER_NONNULL = YES;
				CLANG_ANALYZER_NUMBER_OBJECT_CONVERSION = YES_AGGRESSIVE;
				CLANG_CXX_LANGUAGE_STANDARD = "gnu++14";
				CLANG_CXX_LIBRARY = "libc++";
				CLANG_ENABLE_MODULES = YES;
				CLANG_ENABLE_OBJC_ARC = YES;
				CLANG_ENABLE_OBJC_WEAK = YES;
				CLANG_WARN_BLOCK_CAPTURE_AUTORELEASING = YES;
				CLANG_WARN_BOOL_CONVERSION = YES;
				CLANG_WARN_COMMA = YES;
				CLANG_WARN_CONSTANT_CONVERSION = YES;
				CLANG_WARN_DEPRECATED_OBJC_IMPLEMENTATIONS = YES;
				CLANG_WARN_DIRECT_OBJC_ISA_USAGE = YES_ERROR;
				CLANG_WARN_DOCUMENTATION_COMMENTS = YES;
				CLANG_WARN_EMPTY_BODY = YES;
				CLANG_WARN_ENUM_CONVERSION = YES;
				CLANG_WARN_INFINITE_RECURSION = YES;
				CLANG_WARN_INT_CONVERSION = YES;
				CLANG_WARN_NON_LITERAL_NULL_CONVERSION = YES;
				CLANG_WARN_OBJC_IMPLICIT_RETAIN_SELF = YES;
				CLANG_WARN_OBJC_LITERAL_CONVERSION = YES;
				CLANG_WARN_OBJC_ROOT_CLASS = YES_ERROR;
				CLANG_WARN_RANGE_LOOP_ANALYSIS = YES;
				CLANG_WARN_STRICT_PROTOTYPES = YES;
				CLANG_WARN_SUSPICIOUS_MOVE = YES;
				CLANG_WARN_UNGUARDED_AVAILABILITY = YES_AGGRESSIVE;
				CLANG_WARN_UNREACHABLE_CODE = YES;
				CLANG_WARN__DUPLICATE_METHOD_MATCH = YES;
				CODE_SIGN_IDENTITY = "iPhone Developer";
				COPY_PHASE_STRIP = NO;
				DEBUG_INFORMATION_FORMAT = "dwarf-with-dsym";
				ENABLE_NS_ASSERTIONS = NO;
				ENABLE_STRICT_OBJC_MSGSEND = YES;
				GCC_C_LANGUAGE_STANDARD = gnu11;
				GCC_NO_COMMON_BLOCKS = YES;
				GCC_WARN_64_TO_32_BIT_CONVERSION = YES;
				GCC_WARN_ABOUT_RETURN_TYPE = YES_ERROR;
				GCC_WARN_UNDECLARED_SELECTOR = YES;
				GCC_WARN_UNINITIALIZED_AUTOS = YES_AGGRESSIVE;
				GCC_WARN_UNUSED_FUNCTION = YES;
				GCC_WARN_UNUSED_VARIABLE = YES;
				IPHONEOS_DEPLOYMENT_TARGET = 11.4;
				MTL_ENABLE_DEBUG_INFO = NO;
				SDKROOT = iphoneos;
				VALIDATE_PRODUCT = YES;
			};
			name = Release;
		};
		74305C8F211F70E2006DA341 /* Debug */ = {
			isa = XCBuildConfiguration;
			buildSettings = {
				ASSETCATALOG_COMPILER_APPICON_NAME = AppIcon;
				CODE_SIGN_STYLE = Automatic;
				INFOPLIST_FILE = 8NSDictionatyScooter2018/Info.plist;
				LD_RUNPATH_SEARCH_PATHS = (
					"$(inherited)",
					"@executable_path/Frameworks",
				);
				PRODUCT_BUNDLE_IDENTIFIER = "YK.-NSDictionatyScooter2018";
				PRODUCT_NAME = "$(TARGET_NAME)";
				TARGETED_DEVICE_FAMILY = "1,2";
			};
			name = Debug;
		};
		74305C90211F70E2006DA341 /* Release */ = {
			isa = XCBuildConfiguration;
			buildSettings = {
				ASSETCATALOG_COMPILER_APPICON_NAME = AppIcon;
				CODE_SIGN_STYLE = Automatic;
				INFOPLIST_FILE = 8NSDictionatyScooter2018/Info.plist;
				LD_RUNPATH_SEARCH_PATHS = (
					"$(inherited)",
					"@executable_path/Frameworks",
				);
				PRODUCT_BUNDLE_IDENTIFIER = "YK.-NSDictionatyScooter2018";
				PRODUCT_NAME = "$(TARGET_NAME)";
				TARGETED_DEVICE_FAMILY = "1,2";
			};
			name = Release;
		};
		74305C92211F70E2006DA341 /* Debug */ = {
			isa = XCBuildConfiguration;
			buildSettings = {
				CODE_SIGN_STYLE = Automatic;
				INFOPLIST_FILE = 8NSDictionatyScooter2018UITests/Info.plist;
				LD_RUNPATH_SEARCH_PATHS = (
					"$(inherited)",
					"@executable_path/Frameworks",
					"@loader_path/Frameworks",
				);
				PRODUCT_BUNDLE_IDENTIFIER = "YK.-NSDictionatyScooter2018UITests";
				PRODUCT_NAME = "$(TARGET_NAME)";
				TARGETED_DEVICE_FAMILY = "1,2";
				TEST_TARGET_NAME = 8NSDictionatyScooter2018;
			};
			name = Debug;
		};
		74305C93211F70E2006DA341 /* Release */ = {
			isa = XCBuildConfiguration;
			buildSettings = {
				CODE_SIGN_STYLE = Automatic;
				INFOPLIST_FILE = 8NSDictionatyScooter2018UITests/Info.plist;
				LD_RUNPATH_SEARCH_PATHS = (
					"$(inherited)",
					"@executable_path/Frameworks",
					"@loader_path/Frameworks",
				);
				PRODUCT_BUNDLE_IDENTIFIER = "YK.-NSDictionatyScooter2018UITests";
				PRODUCT_NAME = "$(TARGET_NAME)";
				TARGETED_DEVICE_FAMILY = "1,2";
				TEST_TARGET_NAME = 8NSDictionatyScooter2018;
			};
			name = Release;
		};
/* End XCBuildConfiguration section */

/* Begin XCConfigurationList section */
		74305C68211F70DB006DA341 /* Build configuration list for PBXProject "8NSDictionatyScooter2018" */ = {
			isa = XCConfigurationList;
			buildConfigurations = (
				74305C8C211F70E2006DA341 /* Debug */,
				74305C8D211F70E2006DA341 /* Release */,
			);
			defaultConfigurationIsVisible = 0;
			defaultConfigurationName = Release;
		};
		74305C8E211F70E2006DA341 /* Build configuration list for PBXNativeTarget "8NSDictionatyScooter2018" */ = {
			isa = XCConfigurationList;
			buildConfigurations = (
				74305C8F211F70E2006DA341 /* Debug */,
				74305C90211F70E2006DA341 /* Release */,
			);
			defaultConfigurationIsVisible = 0;
			defaultConfigurationName = Release;
		};
		74305C91211F70E2006DA341 /* Build configuration list for PBXNativeTarget "8NSDictionatyScooter2018UITests" */ = {
			isa = XCConfigurationList;
			buildConfigurations = (
				74305C92211F70E2006DA341 /* Debug */,
				74305C93211F70E2006DA341 /* Release */,
			);
			defaultConfigurationIsVisible = 0;
			defaultConfigurationName = Release;
		};
/* End XCConfigurationList section */
	};
	rootObject = 74305C65211F70DB006DA341 /* Project object */;
}
