// !$*UTF8*$!
{
	archiveVersion = 1;
	classes = {
	};
	objectVersion = 50;
	objects = {

/* Begin PBXBuildFile section */
		7465DEAD21BD91D50001243B /* AppDelegate.m in Sources */ = {isa = PBXBuildFile; fileRef = 7465DEAC21BD91D50001243B /* AppDelegate.m */; };
		7465DEB021BD91D50001243B /* ViewController.m in Sources */ = {isa = PBXBuildFile; fileRef = 7465DEAF21BD91D50001243B /* ViewController.m */; };
		7465DEB321BD91D50001243B /* Main.storyboard in Resources */ = {isa = PBXBuildFile; fileRef = 7465DEB121BD91D50001243B /* Main.storyboard */; };
		7465DEB521BD91DC0001243B /* Assets.xcassets in Resources */ = {isa = PBXBuildFile; fileRef = 7465DEB421BD91DC0001243B /* Assets.xcassets */; };
		7465DEB821BD91DC0001243B /* LaunchScreen.storyboard in Resources */ = {isa = PBXBuildFile; fileRef = 7465DEB621BD91DC0001243B /* LaunchScreen.storyboard */; };
		7465DEBB21BD91DC0001243B /* main.m in Sources */ = {isa = PBXBuildFile; fileRef = 7465DEBA21BD91DC0001243B /* main.m */; };
		7465DEC521BD91DC0001243B /* _3NSThreadingUITests.m in Sources */ = {isa = PBXBuildFile; fileRef = 7465DEC421BD91DC0001243B /* _3NSThreadingUITests.m */; };
		7465DED321BD927A0001243B /* YKThreadingsTests.m in Sources */ = {isa = PBXBuildFile; fileRef = 7465DED221BD927A0001243B /* YKThreadingsTests.m */; };
		7465DED621BFC8F00001243B /* YKMultithreadingsHW13.m in Sources */ = {isa = PBXBuildFile; fileRef = 7465DED521BFC8F00001243B /* YKMultithreadingsHW13.m */; };
		7465DEDA21BFF9F40001243B /* YKStudentHW13.m in Sources */ = {isa = PBXBuildFile; fileRef = 7465DED921BFF9F40001243B /* YKStudentHW13.m */; };
/* End PBXBuildFile section */

/* Begin PBXContainerItemProxy section */
		7465DEC121BD91DC0001243B /* PBXContainerItemProxy */ = {
			isa = PBXContainerItemProxy;
			containerPortal = 7465DEA021BD91D50001243B /* Project object */;
			proxyType = 1;
			remoteGlobalIDString = 7465DEA721BD91D50001243B;
			remoteInfo = 13NSThreading;
		};
/* End PBXContainerItemProxy section */

/* Begin PBXFileReference section */
		7465DEA821BD91D50001243B /* 13NSThreading.app */ = {isa = PBXFileReference; explicitFileType = wrapper.application; includeInIndex = 0; path = 13NSThreading.app; sourceTree = BUILT_PRODUCTS_DIR; };
		7465DEAB21BD91D50001243B /* AppDelegate.h */ = {isa = PBXFileReference; lastKnownFileType = sourcecode.c.h; path = AppDelegate.h; sourceTree = "<group>"; };
		7465DEAC21BD91D50001243B /* AppDelegate.m */ = {isa = PBXFileReference; lastKnownFileType = sourcecode.c.objc; path = AppDelegate.m; sourceTree = "<group>"; };
		7465DEAE21BD91D50001243B /* ViewController.h */ = {isa = PBXFileReference; lastKnownFileType = sourcecode.c.h; path = ViewController.h; sourceTree = "<group>"; };
		7465DEAF21BD91D50001243B /* ViewController.m */ = {isa = PBXFileReference; lastKnownFileType = sourcecode.c.objc; path = ViewController.m; sourceTree = "<group>"; };
		7465DEB221BD91D50001243B /* Base */ = {isa = PBXFileReference; lastKnownFileType = file.storyboard; name = Base; path = Base.lproj/Main.storyboard; sourceTree = "<group>"; };
		7465DEB421BD91DC0001243B /* Assets.xcassets */ = {isa = PBXFileReference; lastKnownFileType = folder.assetcatalog; path = Assets.xcassets; sourceTree = "<group>"; };
		7465DEB721BD91DC0001243B /* Base */ = {isa = PBXFileReference; lastKnownFileType = file.storyboard; name = Base; path = Base.lproj/LaunchScreen.storyboard; sourceTree = "<group>"; };
		7465DEB921BD91DC0001243B /* Info.plist */ = {isa = PBXFileReference; lastKnownFileType = text.plist.xml; path = Info.plist; sourceTree = "<group>"; };
		7465DEBA21BD91DC0001243B /* main.m */ = {isa = PBXFileReference; lastKnownFileType = sourcecode.c.objc; path = main.m; sourceTree = "<group>"; };
		7465DEC021BD91DC0001243B /* 13NSThreadingUITests.xctest */ = {isa = PBXFileReference; explicitFileType = wrapper.cfbundle; includeInIndex = 0; path = 13NSThreadingUITests.xctest; sourceTree = BUILT_PRODUCTS_DIR; };
		7465DEC421BD91DC0001243B /* _3NSThreadingUITests.m */ = {isa = PBXFileReference; lastKnownFileType = sourcecode.c.objc; path = _3NSThreadingUITests.m; sourceTree = "<group>"; };
		7465DEC621BD91DC0001243B /* Info.plist */ = {isa = PBXFileReference; lastKnownFileType = text.plist.xml; path = Info.plist; sourceTree = "<group>"; };
		7465DED121BD927A0001243B /* YKThreadingsTests.h */ = {isa = PBXFileReference; lastKnownFileType = sourcecode.c.h; path = YKThreadingsTests.h; sourceTree = "<group>"; };
		7465DED221BD927A0001243B /* YKThreadingsTests.m */ = {isa = PBXFileReference; lastKnownFileType = sourcecode.c.objc; path = YKThreadingsTests.m; sourceTree = "<group>"; };
		7465DED421BFC8F00001243B /* YKMultithreadingsHW13.h */ = {isa = PBXFileReference; lastKnownFileType = sourcecode.c.h; path = YKMultithreadingsHW13.h; sourceTree = "<group>"; };
		7465DED521BFC8F00001243B /* YKMultithreadingsHW13.m */ = {isa = PBXFileReference; lastKnownFileType = sourcecode.c.objc; path = YKMultithreadingsHW13.m; sourceTree = "<group>"; };
		7465DED821BFF9F40001243B /* YKStudentHW13.h */ = {isa = PBXFileReference; lastKnownFileType = sourcecode.c.h; path = YKStudentHW13.h; sourceTree = "<group>"; };
		7465DED921BFF9F40001243B /* YKStudentHW13.m */ = {isa = PBXFileReference; lastKnownFileType = sourcecode.c.objc; path = YKStudentHW13.m; sourceTree = "<group>"; };
/* End PBXFileReference section */

/* Begin PBXFrameworksBuildPhase section */
		7465DEA521BD91D50001243B /* Frameworks */ = {
			isa = PBXFrameworksBuildPhase;
			buildActionMask = 2147483647;
			files = (
			);
			runOnlyForDeploymentPostprocessing = 0;
		};
		7465DEBD21BD91DC0001243B /* Frameworks */ = {
			isa = PBXFrameworksBuildPhase;
			buildActionMask = 2147483647;
			files = (
			);
			runOnlyForDeploymentPostprocessing = 0;
		};
/* End PBXFrameworksBuildPhase section */

/* Begin PBXGroup section */
		7465DE9F21BD91D50001243B = {
			isa = PBXGroup;
			children = (
				7465DECF21BD92200001243B /* HomeWork */,
				7465DED021BD92380001243B /* Tests */,
				7465DEAA21BD91D50001243B /* 13NSThreading */,
				7465DEC321BD91DC0001243B /* 13NSThreadingUITests */,
				7465DEA921BD91D50001243B /* Products */,
			);
			sourceTree = "<group>";
		};
		7465DEA921BD91D50001243B /* Products */ = {
			isa = PBXGroup;
			children = (
				7465DEA821BD91D50001243B /* 13NSThreading.app */,
				7465DEC021BD91DC0001243B /* 13NSThreadingUITests.xctest */,
			);
			name = Products;
			sourceTree = "<group>";
		};
		7465DEAA21BD91D50001243B /* 13NSThreading */ = {
			isa = PBXGroup;
			children = (
				7465DEAB21BD91D50001243B /* AppDelegate.h */,
				7465DEAC21BD91D50001243B /* AppDelegate.m */,
				7465DEAE21BD91D50001243B /* ViewController.h */,
				7465DEAF21BD91D50001243B /* ViewController.m */,
				7465DEB121BD91D50001243B /* Main.storyboard */,
				7465DEB421BD91DC0001243B /* Assets.xcassets */,
				7465DEB621BD91DC0001243B /* LaunchScreen.storyboard */,
				7465DEB921BD91DC0001243B /* Info.plist */,
				7465DEBA21BD91DC0001243B /* main.m */,
			);
			path = 13NSThreading;
			sourceTree = "<group>";
		};
		7465DEC321BD91DC0001243B /* 13NSThreadingUITests */ = {
			isa = PBXGroup;
			children = (
				7465DEC421BD91DC0001243B /* _3NSThreadingUITests.m */,
				7465DEC621BD91DC0001243B /* Info.plist */,
			);
			path = 13NSThreadingUITests;
			sourceTree = "<group>";
		};
		7465DECF21BD92200001243B /* HomeWork */ = {
			isa = PBXGroup;
			children = (
				7465DED721BFC9330001243B /* 13Multithreadings */,
			);
			path = HomeWork;
			sourceTree = "<group>";
		};
		7465DED021BD92380001243B /* Tests */ = {
			isa = PBXGroup;
			children = (
				7465DED121BD927A0001243B /* YKThreadingsTests.h */,
				7465DED221BD927A0001243B /* YKThreadingsTests.m */,
			);
			path = Tests;
			sourceTree = "<group>";
		};
		7465DED721BFC9330001243B /* 13Multithreadings */ = {
			isa = PBXGroup;
			children = (
				7465DED421BFC8F00001243B /* YKMultithreadingsHW13.h */,
				7465DED521BFC8F00001243B /* YKMultithreadingsHW13.m */,
				7465DED821BFF9F40001243B /* YKStudentHW13.h */,
				7465DED921BFF9F40001243B /* YKStudentHW13.m */,
			);
			path = 13Multithreadings;
			sourceTree = "<group>";
		};
/* End PBXGroup section */

/* Begin PBXNativeTarget section */
		7465DEA721BD91D50001243B /* 13NSThreading */ = {
			isa = PBXNativeTarget;
			buildConfigurationList = 7465DEC921BD91DC0001243B /* Build configuration list for PBXNativeTarget "13NSThreading" */;
			buildPhases = (
				7465DEA421BD91D50001243B /* Sources */,
				7465DEA521BD91D50001243B /* Frameworks */,
				7465DEA621BD91D50001243B /* Resources */,
			);
			buildRules = (
			);
			dependencies = (
			);
			name = 13NSThreading;
			productName = 13NSThreading;
			productReference = 7465DEA821BD91D50001243B /* 13NSThreading.app */;
			productType = "com.apple.product-type.application";
		};
		7465DEBF21BD91DC0001243B /* 13NSThreadingUITests */ = {
			isa = PBXNativeTarget;
			buildConfigurationList = 7465DECC21BD91DC0001243B /* Build configuration list for PBXNativeTarget "13NSThreadingUITests" */;
			buildPhases = (
				7465DEBC21BD91DC0001243B /* Sources */,
				7465DEBD21BD91DC0001243B /* Frameworks */,
				7465DEBE21BD91DC0001243B /* Resources */,
			);
			buildRules = (
			);
			dependencies = (
				7465DEC221BD91DC0001243B /* PBXTargetDependency */,
			);
			name = 13NSThreadingUITests;
			productName = 13NSThreadingUITests;
			productReference = 7465DEC021BD91DC0001243B /* 13NSThreadingUITests.xctest */;
			productType = "com.apple.product-type.bundle.ui-testing";
		};
/* End PBXNativeTarget section */

/* Begin PBXProject section */
		7465DEA021BD91D50001243B /* Project object */ = {
			isa = PBXProject;
			attributes = {
				LastUpgradeCheck = 0940;
				ORGANIZATIONNAME = "Egor Kozlovskiy";
				TargetAttributes = {
					7465DEA721BD91D50001243B = {
						CreatedOnToolsVersion = 9.4.1;
					};
					7465DEBF21BD91DC0001243B = {
						CreatedOnToolsVersion = 9.4.1;
						TestTargetID = 7465DEA721BD91D50001243B;
					};
				};
			};
			buildConfigurationList = 7465DEA321BD91D50001243B /* Build configuration list for PBXProject "13NSThreading" */;
			compatibilityVersion = "Xcode 9.3";
			developmentRegion = en;
			hasScannedForEncodings = 0;
			knownRegions = (
				en,
				Base,
			);
			mainGroup = 7465DE9F21BD91D50001243B;
			productRefGroup = 7465DEA921BD91D50001243B /* Products */;
			projectDirPath = "";
			projectRoot = "";
			targets = (
				7465DEA721BD91D50001243B /* 13NSThreading */,
				7465DEBF21BD91DC0001243B /* 13NSThreadingUITests */,
			);
		};
/* End PBXProject section */

/* Begin PBXResourcesBuildPhase section */
		7465DEA621BD91D50001243B /* Resources */ = {
			isa = PBXResourcesBuildPhase;
			buildActionMask = 2147483647;
			files = (
				7465DEB821BD91DC0001243B /* LaunchScreen.storyboard in Resources */,
				7465DEB521BD91DC0001243B /* Assets.xcassets in Resources */,
				7465DEB321BD91D50001243B /* Main.storyboard in Resources */,
			);
			runOnlyForDeploymentPostprocessing = 0;
		};
		7465DEBE21BD91DC0001243B /* Resources */ = {
			isa = PBXResourcesBuildPhase;
			buildActionMask = 2147483647;
			files = (
			);
			runOnlyForDeploymentPostprocessing = 0;
		};
/* End PBXResourcesBuildPhase section */

/* Begin PBXSourcesBuildPhase section */
		7465DEA421BD91D50001243B /* Sources */ = {
			isa = PBXSourcesBuildPhase;
			buildActionMask = 2147483647;
			files = (
				7465DED621BFC8F00001243B /* YKMultithreadingsHW13.m in Sources */,
				7465DEB021BD91D50001243B /* ViewController.m in Sources */,
				7465DEBB21BD91DC0001243B /* main.m in Sources */,
				7465DED321BD927A0001243B /* YKThreadingsTests.m in Sources */,
				7465DEDA21BFF9F40001243B /* YKStudentHW13.m in Sources */,
				7465DEAD21BD91D50001243B /* AppDelegate.m in Sources */,
			);
			runOnlyForDeploymentPostprocessing = 0;
		};
		7465DEBC21BD91DC0001243B /* Sources */ = {
			isa = PBXSourcesBuildPhase;
			buildActionMask = 2147483647;
			files = (
				7465DEC521BD91DC0001243B /* _3NSThreadingUITests.m in Sources */,
			);
			runOnlyForDeploymentPostprocessing = 0;
		};
/* End PBXSourcesBuildPhase section */

/* Begin PBXTargetDependency section */
		7465DEC221BD91DC0001243B /* PBXTargetDependency */ = {
			isa = PBXTargetDependency;
			target = 7465DEA721BD91D50001243B /* 13NSThreading */;
			targetProxy = 7465DEC121BD91DC0001243B /* PBXContainerItemProxy */;
		};
/* End PBXTargetDependency section */

/* Begin PBXVariantGroup section */
		7465DEB121BD91D50001243B /* Main.storyboard */ = {
			isa = PBXVariantGroup;
			children = (
				7465DEB221BD91D50001243B /* Base */,
			);
			name = Main.storyboard;
			sourceTree = "<group>";
		};
		7465DEB621BD91DC0001243B /* LaunchScreen.storyboard */ = {
			isa = PBXVariantGroup;
			children = (
				7465DEB721BD91DC0001243B /* Base */,
			);
			name = LaunchScreen.storyboard;
			sourceTree = "<group>";
		};
/* End PBXVariantGroup section */

/* Begin XCBuildConfiguration section */
		7465DEC721BD91DC0001243B /* Debug */ = {
			isa = XCBuildConfiguration;
			buildSettings = {
				ALWAYS_SEARCH_USER_PATHS = NO;
				CLANG_ANALYZER_NONNULL = YES;
				CLANG_ANALYZER_NUMBER_OBJECT_CONVERSION = YES_AGGRESSIVE;
				CLANG_CXX_LANGUAGE_STANDARD = "gnu++14";
				CLANG_CXX_LIBRARY = "libc++";
				CLANG_ENABLE_MODULES = YES;
				CLANG_ENABLE_OBJC_ARC = YES;
				CLANG_ENABLE_OBJC_WEAK = YES;
				CLANG_WARN_BLOCK_CAPTURE_AUTORELEASING = YES;
				CLANG_WARN_BOOL_CONVERSION = YES;
				CLANG_WARN_COMMA = YES;
				CLANG_WARN_CONSTANT_CONVERSION = YES;
				CLANG_WARN_DEPRECATED_OBJC_IMPLEMENTATIONS = YES;
				CLANG_WARN_DIRECT_OBJC_ISA_USAGE = YES_ERROR;
				CLANG_WARN_DOCUMENTATION_COMMENTS = YES;
				CLANG_WARN_EMPTY_BODY = YES;
				CLANG_WARN_ENUM_CONVERSION = YES;
				CLANG_WARN_INFINITE_RECURSION = YES;
				CLANG_WARN_INT_CONVERSION = YES;
				CLANG_WARN_NON_LITERAL_NULL_CONVERSION = YES;
				CLANG_WARN_OBJC_IMPLICIT_RETAIN_SELF = YES;
				CLANG_WARN_OBJC_LITERAL_CONVERSION = YES;
				CLANG_WARN_OBJC_ROOT_CLASS = YES_ERROR;
				CLANG_WARN_RANGE_LOOP_ANALYSIS = YES;
				CLANG_WARN_STRICT_PROTOTYPES = YES;
				CLANG_WARN_SUSPICIOUS_MOVE = YES;
				CLANG_WARN_UNGUARDED_AVAILABILITY = YES_AGGRESSIVE;
				CLANG_WARN_UNREACHABLE_CODE = YES;
				CLANG_WARN__DUPLICATE_METHOD_MATCH = YES;
				CODE_SIGN_IDENTITY = "iPhone Developer";
				COPY_PHASE_STRIP = NO;
				DEBUG_INFORMATION_FORMAT = dwarf;
				ENABLE_STRICT_OBJC_MSGSEND = YES;
				ENABLE_TESTABILITY = YES;
				GCC_C_LANGUAGE_STANDARD = gnu11;
				GCC_DYNAMIC_NO_PIC = NO;
				GCC_NO_COMMON_BLOCKS = YES;
				GCC_OPTIMIZATION_LEVEL = 0;
				GCC_PREPROCESSOR_DEFINITIONS = (
					"DEBUG=1",
					"$(inherited)",
				);
				GCC_WARN_64_TO_32_BIT_CONVERSION = YES;
				GCC_WARN_ABOUT_RETURN_TYPE = YES_ERROR;
				GCC_WARN_UNDECLARED_SELECTOR = YES;
				GCC_WARN_UNINITIALIZED_AUTOS = YES_AGGRESSIVE;
				GCC_WARN_UNUSED_FUNCTION = YES;
				GCC_WARN_UNUSED_VARIABLE = YES;
				IPHONEOS_DEPLOYMENT_TARGET = 11.4;
				MTL_ENABLE_DEBUG_INFO = YES;
				ONLY_ACTIVE_ARCH = YES;
				SDKROOT = iphoneos;
			};
			name = Debug;
		};
		7465DEC821BD91DC0001243B /* Release */ = {
			isa = XCBuildConfiguration;
			buildSettings = {
				ALWAYS_SEARCH_USER_PATHS = NO;
				CLANG_ANALYZER_NONNULL = YES;
				CLANG_ANALYZER_NUMBER_OBJECT_CONVERSION = YES_AGGRESSIVE;
				CLANG_CXX_LANGUAGE_STANDARD = "gnu++14";
				CLANG_CXX_LIBRARY = "libc++";
				CLANG_ENABLE_MODULES = YES;
				CLANG_ENABLE_OBJC_ARC = YES;
				CLANG_ENABLE_OBJC_WEAK = YES;
				CLANG_WARN_BLOCK_CAPTURE_AUTORELEASING = YES;
				CLANG_WARN_BOOL_CONVERSION = YES;
				CLANG_WARN_COMMA = YES;
				CLANG_WARN_CONSTANT_CONVERSION = YES;
				CLANG_WARN_DEPRECATED_OBJC_IMPLEMENTATIONS = YES;
				CLANG_WARN_DIRECT_OBJC_ISA_USAGE = YES_ERROR;
				CLANG_WARN_DOCUMENTATION_COMMENTS = YES;
				CLANG_WARN_EMPTY_BODY = YES;
				CLANG_WARN_ENUM_CONVERSION = YES;
				CLANG_WARN_INFINITE_RECURSION = YES;
				CLANG_WARN_INT_CONVERSION = YES;
				CLANG_WARN_NON_LITERAL_NULL_CONVERSION = YES;
				CLANG_WARN_OBJC_IMPLICIT_RETAIN_SELF = YES;
				CLANG_WARN_OBJC_LITERAL_CONVERSION = YES;
				CLANG_WARN_OBJC_ROOT_CLASS = YES_ERROR;
				CLANG_WARN_RANGE_LOOP_ANALYSIS = YES;
				CLANG_WARN_STRICT_PROTOTYPES = YES;
				CLANG_WARN_SUSPICIOUS_MOVE = YES;
				CLANG_WARN_UNGUARDED_AVAILABILITY = YES_AGGRESSIVE;
				CLANG_WARN_UNREACHABLE_CODE = YES;
				CLANG_WARN__DUPLICATE_METHOD_MATCH = YES;
				CODE_SIGN_IDENTITY = "iPhone Developer";
				COPY_PHASE_STRIP = NO;
				DEBUG_INFORMATION_FORMAT = "dwarf-with-dsym";
				ENABLE_NS_ASSERTIONS = NO;
				ENABLE_STRICT_OBJC_MSGSEND = YES;
				GCC_C_LANGUAGE_STANDARD = gnu11;
				GCC_NO_COMMON_BLOCKS = YES;
				GCC_WARN_64_TO_32_BIT_CONVERSION = YES;
				GCC_WARN_ABOUT_RETURN_TYPE = YES_ERROR;
				GCC_WARN_UNDECLARED_SELECTOR = YES;
				GCC_WARN_UNINITIALIZED_AUTOS = YES_AGGRESSIVE;
				GCC_WARN_UNUSED_FUNCTION = YES;
				GCC_WARN_UNUSED_VARIABLE = YES;
				IPHONEOS_DEPLOYMENT_TARGET = 11.4;
				MTL_ENABLE_DEBUG_INFO = NO;
				SDKROOT = iphoneos;
				VALIDATE_PRODUCT = YES;
			};
			name = Release;
		};
		7465DECA21BD91DC0001243B /* Debug */ = {
			isa = XCBuildConfiguration;
			buildSettings = {
				ASSETCATALOG_COMPILER_APPICON_NAME = AppIcon;
				CODE_SIGN_STYLE = Automatic;
				INFOPLIST_FILE = 13NSThreading/Info.plist;
				LD_RUNPATH_SEARCH_PATHS = (
					"$(inherited)",
					"@executable_path/Frameworks",
				);
				PRODUCT_BUNDLE_IDENTIFIER = "YK.-3NSThreading";
				PRODUCT_NAME = "$(TARGET_NAME)";
				TARGETED_DEVICE_FAMILY = "1,2";
			};
			name = Debug;
		};
		7465DECB21BD91DC0001243B /* Release */ = {
			isa = XCBuildConfiguration;
			buildSettings = {
				ASSETCATALOG_COMPILER_APPICON_NAME = AppIcon;
				CODE_SIGN_STYLE = Automatic;
				INFOPLIST_FILE = 13NSThreading/Info.plist;
				LD_RUNPATH_SEARCH_PATHS = (
					"$(inherited)",
					"@executable_path/Frameworks",
				);
				PRODUCT_BUNDLE_IDENTIFIER = "YK.-3NSThreading";
				PRODUCT_NAME = "$(TARGET_NAME)";
				TARGETED_DEVICE_FAMILY = "1,2";
			};
			name = Release;
		};
		7465DECD21BD91DC0001243B /* Debug */ = {
			isa = XCBuildConfiguration;
			buildSettings = {
				CODE_SIGN_STYLE = Automatic;
				INFOPLIST_FILE = 13NSThreadingUITests/Info.plist;
				LD_RUNPATH_SEARCH_PATHS = (
					"$(inherited)",
					"@executable_path/Frameworks",
					"@loader_path/Frameworks",
				);
				PRODUCT_BUNDLE_IDENTIFIER = "YK.-3NSThreadingUITests";
				PRODUCT_NAME = "$(TARGET_NAME)";
				TARGETED_DEVICE_FAMILY = "1,2";
				TEST_TARGET_NAME = 13NSThreading;
			};
			name = Debug;
		};
		7465DECE21BD91DC0001243B /* Release */ = {
			isa = XCBuildConfiguration;
			buildSettings = {
				CODE_SIGN_STYLE = Automatic;
				INFOPLIST_FILE = 13NSThreadingUITests/Info.plist;
				LD_RUNPATH_SEARCH_PATHS = (
					"$(inherited)",
					"@executable_path/Frameworks",
					"@loader_path/Frameworks",
				);
				PRODUCT_BUNDLE_IDENTIFIER = "YK.-3NSThreadingUITests";
				PRODUCT_NAME = "$(TARGET_NAME)";
				TARGETED_DEVICE_FAMILY = "1,2";
				TEST_TARGET_NAME = 13NSThreading;
			};
			name = Release;
		};
/* End XCBuildConfiguration section */

/* Begin XCConfigurationList section */
		7465DEA321BD91D50001243B /* Build configuration list for PBXProject "13NSThreading" */ = {
			isa = XCConfigurationList;
			buildConfigurations = (
				7465DEC721BD91DC0001243B /* Debug */,
				7465DEC821BD91DC0001243B /* Release */,
			);
			defaultConfigurationIsVisible = 0;
			defaultConfigurationName = Release;
		};
		7465DEC921BD91DC0001243B /* Build configuration list for PBXNativeTarget "13NSThreading" */ = {
			isa = XCConfigurationList;
			buildConfigurations = (
				7465DECA21BD91DC0001243B /* Debug */,
				7465DECB21BD91DC0001243B /* Release */,
			);
			defaultConfigurationIsVisible = 0;
			defaultConfigurationName = Release;
		};
		7465DECC21BD91DC0001243B /* Build configuration list for PBXNativeTarget "13NSThreadingUITests" */ = {
			isa = XCConfigurationList;
			buildConfigurations = (
				7465DECD21BD91DC0001243B /* Debug */,
				7465DECE21BD91DC0001243B /* Release */,
			);
			defaultConfigurationIsVisible = 0;
			defaultConfigurationName = Release;
		};
/* End XCConfigurationList section */
	};
	rootObject = 7465DEA021BD91D50001243B /* Project object */;
}
